// !$*UTF8*$!
{
	archiveVersion = 1;
	classes = {
	};
	objectVersion = 48;
	objects = {

/* Begin PBXBuildFile section */
		1FDE9B4C20443A66007A5108 /* README.txt in Resources */ = {isa = PBXBuildFile; fileRef = 1FDE9B4B20443A66007A5108 /* README.txt */; };
		1FF7D7AB206063AA0079C8E8 /* jcomapi.c in Sources */ = {isa = PBXBuildFile; fileRef = 1FF7D7592060639E0079C8E8 /* jcomapi.c */; };
		1FF7D7AC206063AA0079C8E8 /* jmemmgr.c in Sources */ = {isa = PBXBuildFile; fileRef = 1FF7D75A2060639E0079C8E8 /* jmemmgr.c */; };
		1FF7D7AE206063AA0079C8E8 /* jcapimin.c in Sources */ = {isa = PBXBuildFile; fileRef = 1FF7D75C2060639E0079C8E8 /* jcapimin.c */; };
		1FF7D7AF206063AA0079C8E8 /* jversion.h in Headers */ = {isa = PBXBuildFile; fileRef = 1FF7D75D2060639E0079C8E8 /* jversion.h */; };
		1FF7D7B0206063AA0079C8E8 /* wrtarga.c in Sources */ = {isa = PBXBuildFile; fileRef = 1FF7D75E2060639E0079C8E8 /* wrtarga.c */; };
		1FF7D7B1206063AA0079C8E8 /* jcdctmgr.c in Sources */ = {isa = PBXBuildFile; fileRef = 1FF7D75F2060639E0079C8E8 /* jcdctmgr.c */; };
		1FF7D7B2206063AA0079C8E8 /* jcmarker.c in Sources */ = {isa = PBXBuildFile; fileRef = 1FF7D7602060639E0079C8E8 /* jcmarker.c */; };
		1FF7D7B3206063AA0079C8E8 /* jdct.h in Headers */ = {isa = PBXBuildFile; fileRef = 1FF7D7612060639F0079C8E8 /* jdct.h */; };
		1FF7D7B4206063AA0079C8E8 /* jcapistd.c in Sources */ = {isa = PBXBuildFile; fileRef = 1FF7D7622060639F0079C8E8 /* jcapistd.c */; };
		1FF7D7B5206063AA0079C8E8 /* jdapistd.c in Sources */ = {isa = PBXBuildFile; fileRef = 1FF7D7632060639F0079C8E8 /* jdapistd.c */; };
		1FF7D7B6206063AA0079C8E8 /* jmemnobs.c in Sources */ = {isa = PBXBuildFile; fileRef = 1FF7D7642060639F0079C8E8 /* jmemnobs.c */; };
		1FF7D7B7206063AA0079C8E8 /* jquant1.c in Sources */ = {isa = PBXBuildFile; fileRef = 1FF7D7652060639F0079C8E8 /* jquant1.c */; };
		1FF7D7B8206063AA0079C8E8 /* jdsample.c in Sources */ = {isa = PBXBuildFile; fileRef = 1FF7D7662060639F0079C8E8 /* jdsample.c */; };
		1FF7D7B9206063AA0079C8E8 /* jdmaster.c in Sources */ = {isa = PBXBuildFile; fileRef = 1FF7D7672060639F0079C8E8 /* jdmaster.c */; };
		1FF7D7BA206063AA0079C8E8 /* jfdctint.c in Sources */ = {isa = PBXBuildFile; fileRef = 1FF7D7682060639F0079C8E8 /* jfdctint.c */; };
		1FF7D7BB206063AA0079C8E8 /* cdjpeg.h in Headers */ = {isa = PBXBuildFile; fileRef = 1FF7D7692060639F0079C8E8 /* cdjpeg.h */; };
		1FF7D7BC206063AA0079C8E8 /* jdarith.c in Sources */ = {isa = PBXBuildFile; fileRef = 1FF7D76A2060639F0079C8E8 /* jdarith.c */; };
		1FF7D7BD206063AA0079C8E8 /* jmorecfg.h in Headers */ = {isa = PBXBuildFile; fileRef = 1FF7D76B206063A00079C8E8 /* jmorecfg.h */; settings = {ATTRIBUTES = (Private, ); }; };
		1FF7D7BE206063AA0079C8E8 /* jpegint.h in Headers */ = {isa = PBXBuildFile; fileRef = 1FF7D76C206063A00079C8E8 /* jpegint.h */; };
		1FF7D7BF206063AA0079C8E8 /* jquant2.c in Sources */ = {isa = PBXBuildFile; fileRef = 1FF7D76D206063A00079C8E8 /* jquant2.c */; };
		1FF7D7C0206063AA0079C8E8 /* jerror.h in Headers */ = {isa = PBXBuildFile; fileRef = 1FF7D76E206063A00079C8E8 /* jerror.h */; settings = {ATTRIBUTES = (Private, ); }; };
		1FF7D7C1206063AA0079C8E8 /* cderror.h in Headers */ = {isa = PBXBuildFile; fileRef = 1FF7D76F206063A00079C8E8 /* cderror.h */; };
		1FF7D7C2206063AA0079C8E8 /* jcsample.c in Sources */ = {isa = PBXBuildFile; fileRef = 1FF7D770206063A00079C8E8 /* jcsample.c */; };
		1FF7D7C3206063AA0079C8E8 /* jdcoefct.c in Sources */ = {isa = PBXBuildFile; fileRef = 1FF7D771206063A00079C8E8 /* jdcoefct.c */; };
		1FF7D7C4206063AA0079C8E8 /* jidctint.c in Sources */ = {isa = PBXBuildFile; fileRef = 1FF7D772206063A00079C8E8 /* jidctint.c */; };
		1FF7D7C5206063AA0079C8E8 /* jdtrans.c in Sources */ = {isa = PBXBuildFile; fileRef = 1FF7D773206063A10079C8E8 /* jdtrans.c */; };
		1FF7D7C6206063AA0079C8E8 /* wrppm.c in Sources */ = {isa = PBXBuildFile; fileRef = 1FF7D774206063A10079C8E8 /* wrppm.c */; };
		1FF7D7C7206063AA0079C8E8 /* jcarith.c in Sources */ = {isa = PBXBuildFile; fileRef = 1FF7D775206063A10079C8E8 /* jcarith.c */; };
		1FF7D7C8206063AA0079C8E8 /* jcprepct.c in Sources */ = {isa = PBXBuildFile; fileRef = 1FF7D776206063A10079C8E8 /* jcprepct.c */; };
		1FF7D7CA206063AA0079C8E8 /* rdtarga.c in Sources */ = {isa = PBXBuildFile; fileRef = 1FF7D778206063A10079C8E8 /* rdtarga.c */; };
		1FF7D7CB206063AA0079C8E8 /* jaricom.c in Sources */ = {isa = PBXBuildFile; fileRef = 1FF7D779206063A20079C8E8 /* jaricom.c */; };
		1FF7D7CC206063AA0079C8E8 /* jdpostct.c in Sources */ = {isa = PBXBuildFile; fileRef = 1FF7D77A206063A20079C8E8 /* jdpostct.c */; };
		1FF7D7CE206063AA0079C8E8 /* rdswitch.c in Sources */ = {isa = PBXBuildFile; fileRef = 1FF7D77C206063A20079C8E8 /* rdswitch.c */; };
		1FF7D7CF206063AA0079C8E8 /* transupp.c in Sources */ = {isa = PBXBuildFile; fileRef = 1FF7D77D206063A20079C8E8 /* transupp.c */; };
		1FF7D7D0206063AA0079C8E8 /* wrgif.c in Sources */ = {isa = PBXBuildFile; fileRef = 1FF7D77E206063A20079C8E8 /* wrgif.c */; };
		1FF7D7D2206063AA0079C8E8 /* jidctflt.c in Sources */ = {isa = PBXBuildFile; fileRef = 1FF7D780206063A30079C8E8 /* jidctflt.c */; };
		1FF7D7D4206063AA0079C8E8 /* wrrle.c in Sources */ = {isa = PBXBuildFile; fileRef = 1FF7D782206063A30079C8E8 /* wrrle.c */; };
		1FF7D7D5206063AA0079C8E8 /* jutils.c in Sources */ = {isa = PBXBuildFile; fileRef = 1FF7D783206063A30079C8E8 /* jutils.c */; };
		1FF7D7D6206063AA0079C8E8 /* jchuff.c in Sources */ = {isa = PBXBuildFile; fileRef = 1FF7D784206063A30079C8E8 /* jchuff.c */; };
		1FF7D7D7206063AA0079C8E8 /* jcparam.c in Sources */ = {isa = PBXBuildFile; fileRef = 1FF7D785206063A30079C8E8 /* jcparam.c */; };
		1FF7D7D8206063AA0079C8E8 /* jdmerge.c in Sources */ = {isa = PBXBuildFile; fileRef = 1FF7D786206063A40079C8E8 /* jdmerge.c */; };
		1FF7D7DA206063AA0079C8E8 /* jcmainct.c in Sources */ = {isa = PBXBuildFile; fileRef = 1FF7D788206063A40079C8E8 /* jcmainct.c */; };
		1FF7D7DB206063AA0079C8E8 /* jcmaster.c in Sources */ = {isa = PBXBuildFile; fileRef = 1FF7D789206063A40079C8E8 /* jcmaster.c */; };
		1FF7D7DC206063AA0079C8E8 /* rdcolmap.c in Sources */ = {isa = PBXBuildFile; fileRef = 1FF7D78A206063A40079C8E8 /* rdcolmap.c */; };
		1FF7D7DD206063AA0079C8E8 /* jccolor.c in Sources */ = {isa = PBXBuildFile; fileRef = 1FF7D78B206063A40079C8E8 /* jccolor.c */; };
		1FF7D7DE206063AA0079C8E8 /* rdgif.c in Sources */ = {isa = PBXBuildFile; fileRef = 1FF7D78C206063A40079C8E8 /* rdgif.c */; };
		1FF7D7DF206063AA0079C8E8 /* jcinit.c in Sources */ = {isa = PBXBuildFile; fileRef = 1FF7D78D206063A50079C8E8 /* jcinit.c */; };
		1FF7D7E0206063AA0079C8E8 /* jdinput.c in Sources */ = {isa = PBXBuildFile; fileRef = 1FF7D78E206063A50079C8E8 /* jdinput.c */; };
		1FF7D7E2206063AA0079C8E8 /* jinclude.h in Headers */ = {isa = PBXBuildFile; fileRef = 1FF7D790206063A50079C8E8 /* jinclude.h */; };
		1FF7D7E3206063AA0079C8E8 /* jdapimin.c in Sources */ = {isa = PBXBuildFile; fileRef = 1FF7D791206063A50079C8E8 /* jdapimin.c */; };
		1FF7D7E4206063AA0079C8E8 /* jdcolor.c in Sources */ = {isa = PBXBuildFile; fileRef = 1FF7D792206063A50079C8E8 /* jdcolor.c */; };
		1FF7D7E5206063AA0079C8E8 /* jdhuff.c in Sources */ = {isa = PBXBuildFile; fileRef = 1FF7D793206063A60079C8E8 /* jdhuff.c */; };
		1FF7D7E6206063AA0079C8E8 /* rdppm.c in Sources */ = {isa = PBXBuildFile; fileRef = 1FF7D794206063A60079C8E8 /* rdppm.c */; };
		1FF7D7E7206063AA0079C8E8 /* rdrle.c in Sources */ = {isa = PBXBuildFile; fileRef = 1FF7D795206063A60079C8E8 /* rdrle.c */; };
		1FF7D7E8206063AA0079C8E8 /* jddctmgr.c in Sources */ = {isa = PBXBuildFile; fileRef = 1FF7D796206063A60079C8E8 /* jddctmgr.c */; };
		1FF7D7E9206063AA0079C8E8 /* jdatadst.c in Sources */ = {isa = PBXBuildFile; fileRef = 1FF7D797206063A60079C8E8 /* jdatadst.c */; };
		1FF7D7EA206063AA0079C8E8 /* jidctfst.c in Sources */ = {isa = PBXBuildFile; fileRef = 1FF7D798206063A60079C8E8 /* jidctfst.c */; };
		1FF7D7ED206063AA0079C8E8 /* jdmarker.c in Sources */ = {isa = PBXBuildFile; fileRef = 1FF7D79B206063A70079C8E8 /* jdmarker.c */; };
		1FF7D7EF206063AA0079C8E8 /* rdbmp.c in Sources */ = {isa = PBXBuildFile; fileRef = 1FF7D79D206063A70079C8E8 /* rdbmp.c */; };
		1FF7D7F0206063AA0079C8E8 /* jdmainct.c in Sources */ = {isa = PBXBuildFile; fileRef = 1FF7D79E206063A70079C8E8 /* jdmainct.c */; };
		1FF7D7F1206063AA0079C8E8 /* wrbmp.c in Sources */ = {isa = PBXBuildFile; fileRef = 1FF7D79F206063A70079C8E8 /* wrbmp.c */; };
		1FF7D7F2206063AA0079C8E8 /* jfdctfst.c in Sources */ = {isa = PBXBuildFile; fileRef = 1FF7D7A0206063A80079C8E8 /* jfdctfst.c */; };
		1FF7D7F3206063AA0079C8E8 /* jmemsys.h in Headers */ = {isa = PBXBuildFile; fileRef = 1FF7D7A1206063A80079C8E8 /* jmemsys.h */; };
		1FF7D7F5206063AA0079C8E8 /* jpeglib.h in Headers */ = {isa = PBXBuildFile; fileRef = 1FF7D7A3206063A80079C8E8 /* jpeglib.h */; settings = {ATTRIBUTES = (Private, ); }; };
		1FF7D7F6206063AA0079C8E8 /* transupp.h in Headers */ = {isa = PBXBuildFile; fileRef = 1FF7D7A4206063A80079C8E8 /* transupp.h */; };
		1FF7D7F8206063AA0079C8E8 /* jfdctflt.c in Sources */ = {isa = PBXBuildFile; fileRef = 1FF7D7A6206063A90079C8E8 /* jfdctflt.c */; };
		1FF7D7F9206063AA0079C8E8 /* jctrans.c in Sources */ = {isa = PBXBuildFile; fileRef = 1FF7D7A7206063A90079C8E8 /* jctrans.c */; };
		1FF7D7FA206063AA0079C8E8 /* jdatasrc.c in Sources */ = {isa = PBXBuildFile; fileRef = 1FF7D7A8206063A90079C8E8 /* jdatasrc.c */; };
		1FF7D7FB206063AA0079C8E8 /* jccoefct.c in Sources */ = {isa = PBXBuildFile; fileRef = 1FF7D7A9206063A90079C8E8 /* jccoefct.c */; };
		1FF7D7FC206063AA0079C8E8 /* jerror.c in Sources */ = {isa = PBXBuildFile; fileRef = 1FF7D7AA206063A90079C8E8 /* jerror.c */; };
		1FF7D7FE2060643F0079C8E8 /* jconfig.h in Headers */ = {isa = PBXBuildFile; fileRef = 1FF7D7FD2060643E0079C8E8 /* jconfig.h */; settings = {ATTRIBUTES = (Public, ); }; };
/* End PBXBuildFile section */

/* Begin PBXFileReference section */
		1FDE9A99204436FD007A5108 /* jpeglib.framework */ = {isa = PBXFileReference; explicitFileType = wrapper.framework; includeInIndex = 0; path = jpeglib.framework; sourceTree = BUILT_PRODUCTS_DIR; };
		1FDE9A9D204436FD007A5108 /* Info.plist */ = {isa = PBXFileReference; lastKnownFileType = text.plist.xml; path = Info.plist; sourceTree = "<group>"; };
		1FDE9B4B20443A66007A5108 /* README.txt */ = {isa = PBXFileReference; fileEncoding = 4; lastKnownFileType = text; path = README.txt; sourceTree = "<group>"; };
		1FF7D7592060639E0079C8E8 /* jcomapi.c */ = {isa = PBXFileReference; fileEncoding = 4; lastKnownFileType = sourcecode.c.c; path = jcomapi.c; sourceTree = "<group>"; };
		1FF7D75A2060639E0079C8E8 /* jmemmgr.c */ = {isa = PBXFileReference; fileEncoding = 4; lastKnownFileType = sourcecode.c.c; path = jmemmgr.c; sourceTree = "<group>"; };
		1FF7D75B2060639E0079C8E8 /* djpeg.c */ = {isa = PBXFileReference; fileEncoding = 4; lastKnownFileType = sourcecode.c.c; path = djpeg.c; sourceTree = "<group>"; };
		1FF7D75C2060639E0079C8E8 /* jcapimin.c */ = {isa = PBXFileReference; fileEncoding = 4; lastKnownFileType = sourcecode.c.c; path = jcapimin.c; sourceTree = "<group>"; };
		1FF7D75D2060639E0079C8E8 /* jversion.h */ = {isa = PBXFileReference; fileEncoding = 4; lastKnownFileType = sourcecode.c.h; path = jversion.h; sourceTree = "<group>"; };
		1FF7D75E2060639E0079C8E8 /* wrtarga.c */ = {isa = PBXFileReference; fileEncoding = 4; lastKnownFileType = sourcecode.c.c; path = wrtarga.c; sourceTree = "<group>"; };
		1FF7D75F2060639E0079C8E8 /* jcdctmgr.c */ = {isa = PBXFileReference; fileEncoding = 4; lastKnownFileType = sourcecode.c.c; path = jcdctmgr.c; sourceTree = "<group>"; };
		1FF7D7602060639E0079C8E8 /* jcmarker.c */ = {isa = PBXFileReference; fileEncoding = 4; lastKnownFileType = sourcecode.c.c; path = jcmarker.c; sourceTree = "<group>"; };
		1FF7D7612060639F0079C8E8 /* jdct.h */ = {isa = PBXFileReference; fileEncoding = 4; lastKnownFileType = sourcecode.c.h; path = jdct.h; sourceTree = "<group>"; };
		1FF7D7622060639F0079C8E8 /* jcapistd.c */ = {isa = PBXFileReference; fileEncoding = 4; lastKnownFileType = sourcecode.c.c; path = jcapistd.c; sourceTree = "<group>"; };
		1FF7D7632060639F0079C8E8 /* jdapistd.c */ = {isa = PBXFileReference; fileEncoding = 4; lastKnownFileType = sourcecode.c.c; path = jdapistd.c; sourceTree = "<group>"; };
		1FF7D7642060639F0079C8E8 /* jmemnobs.c */ = {isa = PBXFileReference; fileEncoding = 4; lastKnownFileType = sourcecode.c.c; path = jmemnobs.c; sourceTree = "<group>"; };
		1FF7D7652060639F0079C8E8 /* jquant1.c */ = {isa = PBXFileReference; fileEncoding = 4; lastKnownFileType = sourcecode.c.c; path = jquant1.c; sourceTree = "<group>"; };
		1FF7D7662060639F0079C8E8 /* jdsample.c */ = {isa = PBXFileReference; fileEncoding = 4; lastKnownFileType = sourcecode.c.c; path = jdsample.c; sourceTree = "<group>"; };
		1FF7D7672060639F0079C8E8 /* jdmaster.c */ = {isa = PBXFileReference; fileEncoding = 4; lastKnownFileType = sourcecode.c.c; path = jdmaster.c; sourceTree = "<group>"; };
		1FF7D7682060639F0079C8E8 /* jfdctint.c */ = {isa = PBXFileReference; fileEncoding = 4; lastKnownFileType = sourcecode.c.c; path = jfdctint.c; sourceTree = "<group>"; };
		1FF7D7692060639F0079C8E8 /* cdjpeg.h */ = {isa = PBXFileReference; fileEncoding = 4; lastKnownFileType = sourcecode.c.h; path = cdjpeg.h; sourceTree = "<group>"; };
		1FF7D76A2060639F0079C8E8 /* jdarith.c */ = {isa = PBXFileReference; fileEncoding = 4; lastKnownFileType = sourcecode.c.c; path = jdarith.c; sourceTree = "<group>"; };
		1FF7D76B206063A00079C8E8 /* jmorecfg.h */ = {isa = PBXFileReference; fileEncoding = 4; lastKnownFileType = sourcecode.c.h; path = jmorecfg.h; sourceTree = "<group>"; };
		1FF7D76C206063A00079C8E8 /* jpegint.h */ = {isa = PBXFileReference; fileEncoding = 4; lastKnownFileType = sourcecode.c.h; path = jpegint.h; sourceTree = "<group>"; };
		1FF7D76D206063A00079C8E8 /* jquant2.c */ = {isa = PBXFileReference; fileEncoding = 4; lastKnownFileType = sourcecode.c.c; path = jquant2.c; sourceTree = "<group>"; };
		1FF7D76E206063A00079C8E8 /* jerror.h */ = {isa = PBXFileReference; fileEncoding = 4; lastKnownFileType = sourcecode.c.h; path = jerror.h; sourceTree = "<group>"; };
		1FF7D76F206063A00079C8E8 /* cderror.h */ = {isa = PBXFileReference; fileEncoding = 4; lastKnownFileType = sourcecode.c.h; path = cderror.h; sourceTree = "<group>"; };
		1FF7D770206063A00079C8E8 /* jcsample.c */ = {isa = PBXFileReference; fileEncoding = 4; lastKnownFileType = sourcecode.c.c; path = jcsample.c; sourceTree = "<group>"; };
		1FF7D771206063A00079C8E8 /* jdcoefct.c */ = {isa = PBXFileReference; fileEncoding = 4; lastKnownFileType = sourcecode.c.c; path = jdcoefct.c; sourceTree = "<group>"; };
		1FF7D772206063A00079C8E8 /* jidctint.c */ = {isa = PBXFileReference; fileEncoding = 4; lastKnownFileType = sourcecode.c.c; path = jidctint.c; sourceTree = "<group>"; };
		1FF7D773206063A10079C8E8 /* jdtrans.c */ = {isa = PBXFileReference; fileEncoding = 4; lastKnownFileType = sourcecode.c.c; path = jdtrans.c; sourceTree = "<group>"; };
		1FF7D774206063A10079C8E8 /* wrppm.c */ = {isa = PBXFileReference; fileEncoding = 4; lastKnownFileType = sourcecode.c.c; path = wrppm.c; sourceTree = "<group>"; };
		1FF7D775206063A10079C8E8 /* jcarith.c */ = {isa = PBXFileReference; fileEncoding = 4; lastKnownFileType = sourcecode.c.c; path = jcarith.c; sourceTree = "<group>"; };
		1FF7D776206063A10079C8E8 /* jcprepct.c */ = {isa = PBXFileReference; fileEncoding = 4; lastKnownFileType = sourcecode.c.c; path = jcprepct.c; sourceTree = "<group>"; };
		1FF7D777206063A10079C8E8 /* cdjpeg.c */ = {isa = PBXFileReference; fileEncoding = 4; lastKnownFileType = sourcecode.c.c; path = cdjpeg.c; sourceTree = "<group>"; };
		1FF7D778206063A10079C8E8 /* rdtarga.c */ = {isa = PBXFileReference; fileEncoding = 4; lastKnownFileType = sourcecode.c.c; path = rdtarga.c; sourceTree = "<group>"; };
		1FF7D779206063A20079C8E8 /* jaricom.c */ = {isa = PBXFileReference; fileEncoding = 4; lastKnownFileType = sourcecode.c.c; path = jaricom.c; sourceTree = "<group>"; };
		1FF7D77A206063A20079C8E8 /* jdpostct.c */ = {isa = PBXFileReference; fileEncoding = 4; lastKnownFileType = sourcecode.c.c; path = jdpostct.c; sourceTree = "<group>"; };
		1FF7D77C206063A20079C8E8 /* rdswitch.c */ = {isa = PBXFileReference; fileEncoding = 4; lastKnownFileType = sourcecode.c.c; path = rdswitch.c; sourceTree = "<group>"; };
		1FF7D77D206063A20079C8E8 /* transupp.c */ = {isa = PBXFileReference; fileEncoding = 4; lastKnownFileType = sourcecode.c.c; path = transupp.c; sourceTree = "<group>"; };
		1FF7D77E206063A20079C8E8 /* wrgif.c */ = {isa = PBXFileReference; fileEncoding = 4; lastKnownFileType = sourcecode.c.c; path = wrgif.c; sourceTree = "<group>"; };
		1FF7D77F206063A20079C8E8 /* example.c */ = {isa = PBXFileReference; fileEncoding = 4; lastKnownFileType = sourcecode.c.c; path = example.c; sourceTree = "<group>"; };
		1FF7D780206063A30079C8E8 /* jidctflt.c */ = {isa = PBXFileReference; fileEncoding = 4; lastKnownFileType = sourcecode.c.c; path = jidctflt.c; sourceTree = "<group>"; };
		1FF7D781206063A30079C8E8 /* ckconfig.c */ = {isa = PBXFileReference; fileEncoding = 4; lastKnownFileType = sourcecode.c.c; path = ckconfig.c; sourceTree = "<group>"; };
		1FF7D782206063A30079C8E8 /* wrrle.c */ = {isa = PBXFileReference; fileEncoding = 4; lastKnownFileType = sourcecode.c.c; path = wrrle.c; sourceTree = "<group>"; };
		1FF7D783206063A30079C8E8 /* jutils.c */ = {isa = PBXFileReference; fileEncoding = 4; lastKnownFileType = sourcecode.c.c; path = jutils.c; sourceTree = "<group>"; };
		1FF7D784206063A30079C8E8 /* jchuff.c */ = {isa = PBXFileReference; fileEncoding = 4; lastKnownFileType = sourcecode.c.c; path = jchuff.c; sourceTree = "<group>"; };
		1FF7D785206063A30079C8E8 /* jcparam.c */ = {isa = PBXFileReference; fileEncoding = 4; lastKnownFileType = sourcecode.c.c; path = jcparam.c; sourceTree = "<group>"; };
		1FF7D786206063A40079C8E8 /* jdmerge.c */ = {isa = PBXFileReference; fileEncoding = 4; lastKnownFileType = sourcecode.c.c; path = jdmerge.c; sourceTree = "<group>"; };
		1FF7D787206063A40079C8E8 /* rdjpgcom.c */ = {isa = PBXFileReference; fileEncoding = 4; lastKnownFileType = sourcecode.c.c; path = rdjpgcom.c; sourceTree = "<group>"; };
		1FF7D788206063A40079C8E8 /* jcmainct.c */ = {isa = PBXFileReference; fileEncoding = 4; lastKnownFileType = sourcecode.c.c; path = jcmainct.c; sourceTree = "<group>"; };
		1FF7D789206063A40079C8E8 /* jcmaster.c */ = {isa = PBXFileReference; fileEncoding = 4; lastKnownFileType = sourcecode.c.c; path = jcmaster.c; sourceTree = "<group>"; };
		1FF7D78A206063A40079C8E8 /* rdcolmap.c */ = {isa = PBXFileReference; fileEncoding = 4; lastKnownFileType = sourcecode.c.c; path = rdcolmap.c; sourceTree = "<group>"; };
		1FF7D78B206063A40079C8E8 /* jccolor.c */ = {isa = PBXFileReference; fileEncoding = 4; lastKnownFileType = sourcecode.c.c; path = jccolor.c; sourceTree = "<group>"; };
		1FF7D78C206063A40079C8E8 /* rdgif.c */ = {isa = PBXFileReference; fileEncoding = 4; lastKnownFileType = sourcecode.c.c; path = rdgif.c; sourceTree = "<group>"; };
		1FF7D78D206063A50079C8E8 /* jcinit.c */ = {isa = PBXFileReference; fileEncoding = 4; lastKnownFileType = sourcecode.c.c; path = jcinit.c; sourceTree = "<group>"; };
		1FF7D78E206063A50079C8E8 /* jdinput.c */ = {isa = PBXFileReference; fileEncoding = 4; lastKnownFileType = sourcecode.c.c; path = jdinput.c; sourceTree = "<group>"; };
		1FF7D78F206063A50079C8E8 /* wrjpgcom.c */ = {isa = PBXFileReference; fileEncoding = 4; lastKnownFileType = sourcecode.c.c; path = wrjpgcom.c; sourceTree = "<group>"; };
		1FF7D790206063A50079C8E8 /* jinclude.h */ = {isa = PBXFileReference; fileEncoding = 4; lastKnownFileType = sourcecode.c.h; path = jinclude.h; sourceTree = "<group>"; };
		1FF7D791206063A50079C8E8 /* jdapimin.c */ = {isa = PBXFileReference; fileEncoding = 4; lastKnownFileType = sourcecode.c.c; path = jdapimin.c; sourceTree = "<group>"; };
		1FF7D792206063A50079C8E8 /* jdcolor.c */ = {isa = PBXFileReference; fileEncoding = 4; lastKnownFileType = sourcecode.c.c; path = jdcolor.c; sourceTree = "<group>"; };
		1FF7D793206063A60079C8E8 /* jdhuff.c */ = {isa = PBXFileReference; fileEncoding = 4; lastKnownFileType = sourcecode.c.c; path = jdhuff.c; sourceTree = "<group>"; };
		1FF7D794206063A60079C8E8 /* rdppm.c */ = {isa = PBXFileReference; fileEncoding = 4; lastKnownFileType = sourcecode.c.c; path = rdppm.c; sourceTree = "<group>"; };
		1FF7D795206063A60079C8E8 /* rdrle.c */ = {isa = PBXFileReference; fileEncoding = 4; lastKnownFileType = sourcecode.c.c; path = rdrle.c; sourceTree = "<group>"; };
		1FF7D796206063A60079C8E8 /* jddctmgr.c */ = {isa = PBXFileReference; fileEncoding = 4; lastKnownFileType = sourcecode.c.c; path = jddctmgr.c; sourceTree = "<group>"; };
		1FF7D797206063A60079C8E8 /* jdatadst.c */ = {isa = PBXFileReference; fileEncoding = 4; lastKnownFileType = sourcecode.c.c; path = jdatadst.c; sourceTree = "<group>"; };
		1FF7D798206063A60079C8E8 /* jidctfst.c */ = {isa = PBXFileReference; fileEncoding = 4; lastKnownFileType = sourcecode.c.c; path = jidctfst.c; sourceTree = "<group>"; };
		1FF7D79A206063A70079C8E8 /* cjpeg.c */ = {isa = PBXFileReference; fileEncoding = 4; lastKnownFileType = sourcecode.c.c; path = cjpeg.c; sourceTree = "<group>"; };
		1FF7D79B206063A70079C8E8 /* jdmarker.c */ = {isa = PBXFileReference; fileEncoding = 4; lastKnownFileType = sourcecode.c.c; path = jdmarker.c; sourceTree = "<group>"; };
		1FF7D79D206063A70079C8E8 /* rdbmp.c */ = {isa = PBXFileReference; fileEncoding = 4; lastKnownFileType = sourcecode.c.c; path = rdbmp.c; sourceTree = "<group>"; };
		1FF7D79E206063A70079C8E8 /* jdmainct.c */ = {isa = PBXFileReference; fileEncoding = 4; lastKnownFileType = sourcecode.c.c; path = jdmainct.c; sourceTree = "<group>"; };
		1FF7D79F206063A70079C8E8 /* wrbmp.c */ = {isa = PBXFileReference; fileEncoding = 4; lastKnownFileType = sourcecode.c.c; path = wrbmp.c; sourceTree = "<group>"; };
		1FF7D7A0206063A80079C8E8 /* jfdctfst.c */ = {isa = PBXFileReference; fileEncoding = 4; lastKnownFileType = sourcecode.c.c; path = jfdctfst.c; sourceTree = "<group>"; };
		1FF7D7A1206063A80079C8E8 /* jmemsys.h */ = {isa = PBXFileReference; fileEncoding = 4; lastKnownFileType = sourcecode.c.h; path = jmemsys.h; sourceTree = "<group>"; };
		1FF7D7A2206063A80079C8E8 /* jpegtran.c */ = {isa = PBXFileReference; fileEncoding = 4; lastKnownFileType = sourcecode.c.c; path = jpegtran.c; sourceTree = "<group>"; };
		1FF7D7A3206063A80079C8E8 /* jpeglib.h */ = {isa = PBXFileReference; fileEncoding = 4; lastKnownFileType = sourcecode.c.h; path = jpeglib.h; sourceTree = "<group>"; };
		1FF7D7A4206063A80079C8E8 /* transupp.h */ = {isa = PBXFileReference; fileEncoding = 4; lastKnownFileType = sourcecode.c.h; path = transupp.h; sourceTree = "<group>"; };
		1FF7D7A6206063A90079C8E8 /* jfdctflt.c */ = {isa = PBXFileReference; fileEncoding = 4; lastKnownFileType = sourcecode.c.c; path = jfdctflt.c; sourceTree = "<group>"; };
		1FF7D7A7206063A90079C8E8 /* jctrans.c */ = {isa = PBXFileReference; fileEncoding = 4; lastKnownFileType = sourcecode.c.c; path = jctrans.c; sourceTree = "<group>"; };
		1FF7D7A8206063A90079C8E8 /* jdatasrc.c */ = {isa = PBXFileReference; fileEncoding = 4; lastKnownFileType = sourcecode.c.c; path = jdatasrc.c; sourceTree = "<group>"; };
		1FF7D7A9206063A90079C8E8 /* jccoefct.c */ = {isa = PBXFileReference; fileEncoding = 4; lastKnownFileType = sourcecode.c.c; path = jccoefct.c; sourceTree = "<group>"; };
		1FF7D7AA206063A90079C8E8 /* jerror.c */ = {isa = PBXFileReference; fileEncoding = 4; lastKnownFileType = sourcecode.c.c; path = jerror.c; sourceTree = "<group>"; };
		1FF7D7FD2060643E0079C8E8 /* jconfig.h */ = {isa = PBXFileReference; fileEncoding = 4; lastKnownFileType = sourcecode.c.h; path = jconfig.h; sourceTree = "<group>"; };
/* End PBXFileReference section */

/* Begin PBXFrameworksBuildPhase section */
		1FDE9A95204436FD007A5108 /* Frameworks */ = {
			isa = PBXFrameworksBuildPhase;
			buildActionMask = 2147483647;
			files = (
			);
			runOnlyForDeploymentPostprocessing = 0;
		};
/* End PBXFrameworksBuildPhase section */

/* Begin PBXGroup section */
		1FDE9A8F204436FD007A5108 = {
			isa = PBXGroup;
			children = (
				1FF7D76F206063A00079C8E8 /* cderror.h */,
				1FF7D777206063A10079C8E8 /* cdjpeg.c */,
				1FF7D7692060639F0079C8E8 /* cdjpeg.h */,
				1FF7D79A206063A70079C8E8 /* cjpeg.c */,
				1FF7D781206063A30079C8E8 /* ckconfig.c */,
				1FF7D75B2060639E0079C8E8 /* djpeg.c */,
				1FF7D77F206063A20079C8E8 /* example.c */,
				1FF7D779206063A20079C8E8 /* jaricom.c */,
				1FF7D75C2060639E0079C8E8 /* jcapimin.c */,
				1FF7D7622060639F0079C8E8 /* jcapistd.c */,
				1FF7D775206063A10079C8E8 /* jcarith.c */,
				1FF7D7A9206063A90079C8E8 /* jccoefct.c */,
				1FF7D78B206063A40079C8E8 /* jccolor.c */,
				1FF7D75F2060639E0079C8E8 /* jcdctmgr.c */,
				1FF7D784206063A30079C8E8 /* jchuff.c */,
				1FF7D78D206063A50079C8E8 /* jcinit.c */,
				1FF7D788206063A40079C8E8 /* jcmainct.c */,
				1FF7D7602060639E0079C8E8 /* jcmarker.c */,
				1FF7D789206063A40079C8E8 /* jcmaster.c */,
				1FF7D7592060639E0079C8E8 /* jcomapi.c */,
				1FF7D7FD2060643E0079C8E8 /* jconfig.h */,
				1FF7D785206063A30079C8E8 /* jcparam.c */,
				1FF7D776206063A10079C8E8 /* jcprepct.c */,
				1FF7D770206063A00079C8E8 /* jcsample.c */,
				1FF7D7A7206063A90079C8E8 /* jctrans.c */,
				1FF7D791206063A50079C8E8 /* jdapimin.c */,
				1FF7D7632060639F0079C8E8 /* jdapistd.c */,
				1FF7D76A2060639F0079C8E8 /* jdarith.c */,
				1FF7D797206063A60079C8E8 /* jdatadst.c */,
				1FF7D7A8206063A90079C8E8 /* jdatasrc.c */,
				1FF7D771206063A00079C8E8 /* jdcoefct.c */,
				1FF7D792206063A50079C8E8 /* jdcolor.c */,
				1FF7D7612060639F0079C8E8 /* jdct.h */,
				1FF7D796206063A60079C8E8 /* jddctmgr.c */,
				1FF7D793206063A60079C8E8 /* jdhuff.c */,
				1FF7D78E206063A50079C8E8 /* jdinput.c */,
				1FF7D79E206063A70079C8E8 /* jdmainct.c */,
				1FF7D79B206063A70079C8E8 /* jdmarker.c */,
				1FF7D7672060639F0079C8E8 /* jdmaster.c */,
				1FF7D786206063A40079C8E8 /* jdmerge.c */,
				1FF7D77A206063A20079C8E8 /* jdpostct.c */,
				1FF7D7662060639F0079C8E8 /* jdsample.c */,
				1FF7D773206063A10079C8E8 /* jdtrans.c */,
				1FF7D7AA206063A90079C8E8 /* jerror.c */,
				1FF7D76E206063A00079C8E8 /* jerror.h */,
				1FF7D7A6206063A90079C8E8 /* jfdctflt.c */,
				1FF7D7A0206063A80079C8E8 /* jfdctfst.c */,
				1FF7D7682060639F0079C8E8 /* jfdctint.c */,
				1FF7D780206063A30079C8E8 /* jidctflt.c */,
				1FF7D798206063A60079C8E8 /* jidctfst.c */,
				1FF7D772206063A00079C8E8 /* jidctint.c */,
				1FF7D790206063A50079C8E8 /* jinclude.h */,
				1FF7D75A2060639E0079C8E8 /* jmemmgr.c */,
				1FF7D7642060639F0079C8E8 /* jmemnobs.c */,
				1FF7D7A1206063A80079C8E8 /* jmemsys.h */,
				1FF7D76B206063A00079C8E8 /* jmorecfg.h */,
				1FF7D76C206063A00079C8E8 /* jpegint.h */,
				1FF7D7A3206063A80079C8E8 /* jpeglib.h */,
				1FF7D7A2206063A80079C8E8 /* jpegtran.c */,
				1FF7D7652060639F0079C8E8 /* jquant1.c */,
				1FF7D76D206063A00079C8E8 /* jquant2.c */,
				1FF7D783206063A30079C8E8 /* jutils.c */,
				1FF7D75D2060639E0079C8E8 /* jversion.h */,
				1FF7D79D206063A70079C8E8 /* rdbmp.c */,
				1FF7D78A206063A40079C8E8 /* rdcolmap.c */,
				1FF7D78C206063A40079C8E8 /* rdgif.c */,
				1FF7D787206063A40079C8E8 /* rdjpgcom.c */,
				1FF7D794206063A60079C8E8 /* rdppm.c */,
				1FF7D795206063A60079C8E8 /* rdrle.c */,
				1FF7D77C206063A20079C8E8 /* rdswitch.c */,
				1FF7D778206063A10079C8E8 /* rdtarga.c */,
				1FF7D77D206063A20079C8E8 /* transupp.c */,
				1FF7D7A4206063A80079C8E8 /* transupp.h */,
				1FF7D79F206063A70079C8E8 /* wrbmp.c */,
				1FF7D77E206063A20079C8E8 /* wrgif.c */,
				1FF7D78F206063A50079C8E8 /* wrjpgcom.c */,
				1FF7D774206063A10079C8E8 /* wrppm.c */,
				1FF7D782206063A30079C8E8 /* wrrle.c */,
				1FF7D75E2060639E0079C8E8 /* wrtarga.c */,
				1FDE9A9D204436FD007A5108 /* Info.plist */,
				1FDE9B4B20443A66007A5108 /* README.txt */,
				1FDE9A9A204436FD007A5108 /* Products */,
			);
			sourceTree = "<group>";
		};
		1FDE9A9A204436FD007A5108 /* Products */ = {
			isa = PBXGroup;
			children = (
				1FDE9A99204436FD007A5108 /* jpeglib.framework */,
			);
			name = Products;
			sourceTree = "<group>";
		};
/* End PBXGroup section */

/* Begin PBXHeadersBuildPhase section */
		1FDE9A96204436FD007A5108 /* Headers */ = {
			isa = PBXHeadersBuildPhase;
			buildActionMask = 2147483647;
			files = (
				1FF7D7FE2060643F0079C8E8 /* jconfig.h in Headers */,
				1FF7D7C0206063AA0079C8E8 /* jerror.h in Headers */,
				1FF7D7BD206063AA0079C8E8 /* jmorecfg.h in Headers */,
				1FF7D7F5206063AA0079C8E8 /* jpeglib.h in Headers */,
				1FF7D7AF206063AA0079C8E8 /* jversion.h in Headers */,
				1FF7D7BE206063AA0079C8E8 /* jpegint.h in Headers */,
				1FF7D7F6206063AA0079C8E8 /* transupp.h in Headers */,
				1FF7D7BB206063AA0079C8E8 /* cdjpeg.h in Headers */,
				1FF7D7C1206063AA0079C8E8 /* cderror.h in Headers */,
				1FF7D7F3206063AA0079C8E8 /* jmemsys.h in Headers */,
				1FF7D7E2206063AA0079C8E8 /* jinclude.h in Headers */,
				1FF7D7B3206063AA0079C8E8 /* jdct.h in Headers */,
			);
			runOnlyForDeploymentPostprocessing = 0;
		};
/* End PBXHeadersBuildPhase section */

/* Begin PBXNativeTarget section */
		1FDE9A98204436FD007A5108 /* jpeglib */ = {
			isa = PBXNativeTarget;
			buildConfigurationList = 1FDE9AA1204436FD007A5108 /* Build configuration list for PBXNativeTarget "jpeglib" */;
			buildPhases = (
				1FDE9A94204436FD007A5108 /* Sources */,
				1FDE9A95204436FD007A5108 /* Frameworks */,
				1FDE9A96204436FD007A5108 /* Headers */,
				1FDE9A97204436FD007A5108 /* Resources */,
			);
			buildRules = (
			);
			dependencies = (
			);
			name = jpeglib;
			productName = jpeglib;
			productReference = 1FDE9A99204436FD007A5108 /* jpeglib.framework */;
			productType = "com.apple.product-type.framework";
		};
/* End PBXNativeTarget section */

/* Begin PBXProject section */
		1FDE9A90204436FD007A5108 /* Project object */ = {
			isa = PBXProject;
			attributes = {
				LastUpgradeCheck = 0930;
				ORGANIZATIONNAME = "PureDarwin Project";
				TargetAttributes = {
					1FDE9A98204436FD007A5108 = {
						CreatedOnToolsVersion = 9.3;
						ProvisioningStyle = Automatic;
					};
				};
			};
			buildConfigurationList = 1FDE9A93204436FD007A5108 /* Build configuration list for PBXProject "jpeglib" */;
			compatibilityVersion = "Xcode 8.0";
			developmentRegion = en;
			hasScannedForEncodings = 0;
			knownRegions = (
				en,
			);
			mainGroup = 1FDE9A8F204436FD007A5108;
			productRefGroup = 1FDE9A9A204436FD007A5108 /* Products */;
			projectDirPath = "";
			projectRoot = "";
			targets = (
				1FDE9A98204436FD007A5108 /* jpeglib */,
			);
		};
/* End PBXProject section */

/* Begin PBXResourcesBuildPhase section */
		1FDE9A97204436FD007A5108 /* Resources */ = {
			isa = PBXResourcesBuildPhase;
			buildActionMask = 2147483647;
			files = (
				1FDE9B4C20443A66007A5108 /* README.txt in Resources */,
			);
			runOnlyForDeploymentPostprocessing = 0;
		};
/* End PBXResourcesBuildPhase section */

/* Begin PBXSourcesBuildPhase section */
		1FDE9A94204436FD007A5108 /* Sources */ = {
			isa = PBXSourcesBuildPhase;
			buildActionMask = 2147483647;
			files = (
				1FF7D7FB206063AA0079C8E8 /* jccoefct.c in Sources */,
				1FF7D7C5206063AA0079C8E8 /* jdtrans.c in Sources */,
				1FF7D7E7206063AA0079C8E8 /* rdrle.c in Sources */,
				1FF7D7B5206063AA0079C8E8 /* jdapistd.c in Sources */,
				1FF7D7CF206063AA0079C8E8 /* transupp.c in Sources */,
				1FF7D7EA206063AA0079C8E8 /* jidctfst.c in Sources */,
				1FF7D7E4206063AA0079C8E8 /* jdcolor.c in Sources */,
				1FF7D7D5206063AA0079C8E8 /* jutils.c in Sources */,
				1FF7D7E8206063AA0079C8E8 /* jddctmgr.c in Sources */,
				1FF7D7E6206063AA0079C8E8 /* rdppm.c in Sources */,
				1FF7D7CC206063AA0079C8E8 /* jdpostct.c in Sources */,
				1FF7D7FA206063AA0079C8E8 /* jdatasrc.c in Sources */,
				1FF7D7D6206063AA0079C8E8 /* jchuff.c in Sources */,
				1FF7D7B2206063AA0079C8E8 /* jcmarker.c in Sources */,
				1FF7D7E9206063AA0079C8E8 /* jdatadst.c in Sources */,
				1FF7D7C6206063AA0079C8E8 /* wrppm.c in Sources */,
				1FF7D7D7206063AA0079C8E8 /* jcparam.c in Sources */,
				1FF7D7D4206063AA0079C8E8 /* wrrle.c in Sources */,
				1FF7D7B0206063AA0079C8E8 /* wrtarga.c in Sources */,
				1FF7D7DB206063AA0079C8E8 /* jcmaster.c in Sources */,
				1FF7D7C7206063AA0079C8E8 /* jcarith.c in Sources */,
				1FF7D7E5206063AA0079C8E8 /* jdhuff.c in Sources */,
				1FF7D7C3206063AA0079C8E8 /* jdcoefct.c in Sources */,
				1FF7D7DD206063AA0079C8E8 /* jccolor.c in Sources */,
				1FF7D7B8206063AA0079C8E8 /* jdsample.c in Sources */,
				1FF7D7F1206063AA0079C8E8 /* wrbmp.c in Sources */,
				1FF7D7B9206063AA0079C8E8 /* jdmaster.c in Sources */,
				1FF7D7D8206063AA0079C8E8 /* jdmerge.c in Sources */,
				1FF7D7E0206063AA0079C8E8 /* jdinput.c in Sources */,
				1FF7D7BA206063AA0079C8E8 /* jfdctint.c in Sources */,
				1FF7D7C8206063AA0079C8E8 /* jcprepct.c in Sources */,
				1FF7D7CA206063AA0079C8E8 /* rdtarga.c in Sources */,
				1FF7D7BC206063AA0079C8E8 /* jdarith.c in Sources */,
				1FF7D7F0206063AA0079C8E8 /* jdmainct.c in Sources */,
				1FF7D7B1206063AA0079C8E8 /* jcdctmgr.c in Sources */,
				1FF7D7B7206063AA0079C8E8 /* jquant1.c in Sources */,
				1FF7D7D2206063AA0079C8E8 /* jidctflt.c in Sources */,
				1FF7D7FC206063AA0079C8E8 /* jerror.c in Sources */,
				1FF7D7AB206063AA0079C8E8 /* jcomapi.c in Sources */,
				1FF7D7B6206063AA0079C8E8 /* jmemnobs.c in Sources */,
				1FF7D7CE206063AA0079C8E8 /* rdswitch.c in Sources */,
				1FF7D7CB206063AA0079C8E8 /* jaricom.c in Sources */,
				1FF7D7B4206063AA0079C8E8 /* jcapistd.c in Sources */,
				1FF7D7C2206063AA0079C8E8 /* jcsample.c in Sources */,
				1FF7D7DF206063AA0079C8E8 /* jcinit.c in Sources */,
				1FF7D7D0206063AA0079C8E8 /* wrgif.c in Sources */,
				1FF7D7DA206063AA0079C8E8 /* jcmainct.c in Sources */,
				1FF7D7F2206063AA0079C8E8 /* jfdctfst.c in Sources */,
				1FF7D7AE206063AA0079C8E8 /* jcapimin.c in Sources */,
				1FF7D7EF206063AA0079C8E8 /* rdbmp.c in Sources */,
				1FF7D7DC206063AA0079C8E8 /* rdcolmap.c in Sources */,
				1FF7D7C4206063AA0079C8E8 /* jidctint.c in Sources */,
				1FF7D7ED206063AA0079C8E8 /* jdmarker.c in Sources */,
				1FF7D7DE206063AA0079C8E8 /* rdgif.c in Sources */,
				1FF7D7E3206063AA0079C8E8 /* jdapimin.c in Sources */,
				1FF7D7F8206063AA0079C8E8 /* jfdctflt.c in Sources */,
				1FF7D7AC206063AA0079C8E8 /* jmemmgr.c in Sources */,
				1FF7D7BF206063AA0079C8E8 /* jquant2.c in Sources */,
				1FF7D7F9206063AA0079C8E8 /* jctrans.c in Sources */,
			);
			runOnlyForDeploymentPostprocessing = 0;
		};
/* End PBXSourcesBuildPhase section */

/* Begin XCBuildConfiguration section */
		1FDE9A9F204436FD007A5108 /* Debug */ = {
			isa = XCBuildConfiguration;
			buildSettings = {
				ALWAYS_SEARCH_USER_PATHS = NO;
				CLANG_ANALYZER_NONNULL = YES;
				CLANG_ANALYZER_NUMBER_OBJECT_CONVERSION = YES_AGGRESSIVE;
				CLANG_CXX_LANGUAGE_STANDARD = "gnu++14";
				CLANG_CXX_LIBRARY = "libc++";
				CLANG_ENABLE_MODULES = YES;
				CLANG_ENABLE_OBJC_ARC = YES;
				CLANG_ENABLE_OBJC_WEAK = YES;
				CLANG_WARN_BLOCK_CAPTURE_AUTORELEASING = YES;
				CLANG_WARN_BOOL_CONVERSION = YES;
				CLANG_WARN_COMMA = YES;
				CLANG_WARN_CONSTANT_CONVERSION = YES;
				CLANG_WARN_DEPRECATED_OBJC_IMPLEMENTATIONS = YES;
				CLANG_WARN_DIRECT_OBJC_ISA_USAGE = YES_ERROR;
				CLANG_WARN_DOCUMENTATION_COMMENTS = YES;
				CLANG_WARN_EMPTY_BODY = YES;
				CLANG_WARN_ENUM_CONVERSION = YES;
				CLANG_WARN_INFINITE_RECURSION = YES;
				CLANG_WARN_INT_CONVERSION = YES;
				CLANG_WARN_NON_LITERAL_NULL_CONVERSION = YES;
				CLANG_WARN_OBJC_IMPLICIT_RETAIN_SELF = YES;
				CLANG_WARN_OBJC_LITERAL_CONVERSION = YES;
				CLANG_WARN_OBJC_ROOT_CLASS = YES_ERROR;
				CLANG_WARN_RANGE_LOOP_ANALYSIS = YES;
				CLANG_WARN_STRICT_PROTOTYPES = YES;
				CLANG_WARN_SUSPICIOUS_MOVE = YES;
				CLANG_WARN_UNGUARDED_AVAILABILITY = YES_AGGRESSIVE;
				CLANG_WARN_UNREACHABLE_CODE = YES;
				CLANG_WARN__DUPLICATE_METHOD_MATCH = YES;
				CODE_SIGN_IDENTITY = "Mac Developer";
				COPY_PHASE_STRIP = NO;
				CURRENT_PROJECT_VERSION = 1;
				DEBUG_INFORMATION_FORMAT = dwarf;
				ENABLE_STRICT_OBJC_MSGSEND = YES;
				ENABLE_TESTABILITY = YES;
				GCC_C_LANGUAGE_STANDARD = gnu11;
				GCC_DYNAMIC_NO_PIC = NO;
				GCC_NO_COMMON_BLOCKS = YES;
				GCC_OPTIMIZATION_LEVEL = 0;
				GCC_PREPROCESSOR_DEFINITIONS = (
					"DEBUG=1",
					"$(inherited)",
				);
				GCC_WARN_64_TO_32_BIT_CONVERSION = YES;
				GCC_WARN_ABOUT_RETURN_TYPE = YES_ERROR;
				GCC_WARN_UNDECLARED_SELECTOR = YES;
				GCC_WARN_UNINITIALIZED_AUTOS = YES_AGGRESSIVE;
				GCC_WARN_UNUSED_FUNCTION = YES;
				GCC_WARN_UNUSED_VARIABLE = YES;
				MACOSX_DEPLOYMENT_TARGET = 10.13;
				MTL_ENABLE_DEBUG_INFO = YES;
				ONLY_ACTIVE_ARCH = YES;
				SDKROOT = macosx;
				VERSIONING_SYSTEM = "apple-generic";
				VERSION_INFO_PREFIX = "";
			};
			name = Debug;
		};
		1FDE9AA0204436FD007A5108 /* Release */ = {
			isa = XCBuildConfiguration;
			buildSettings = {
				ALWAYS_SEARCH_USER_PATHS = NO;
				CLANG_ANALYZER_NONNULL = YES;
				CLANG_ANALYZER_NUMBER_OBJECT_CONVERSION = YES_AGGRESSIVE;
				CLANG_CXX_LANGUAGE_STANDARD = "gnu++14";
				CLANG_CXX_LIBRARY = "libc++";
				CLANG_ENABLE_MODULES = YES;
				CLANG_ENABLE_OBJC_ARC = YES;
				CLANG_ENABLE_OBJC_WEAK = YES;
				CLANG_WARN_BLOCK_CAPTURE_AUTORELEASING = YES;
				CLANG_WARN_BOOL_CONVERSION = YES;
				CLANG_WARN_COMMA = YES;
				CLANG_WARN_CONSTANT_CONVERSION = YES;
				CLANG_WARN_DEPRECATED_OBJC_IMPLEMENTATIONS = YES;
				CLANG_WARN_DIRECT_OBJC_ISA_USAGE = YES_ERROR;
				CLANG_WARN_DOCUMENTATION_COMMENTS = YES;
				CLANG_WARN_EMPTY_BODY = YES;
				CLANG_WARN_ENUM_CONVERSION = YES;
				CLANG_WARN_INFINITE_RECURSION = YES;
				CLANG_WARN_INT_CONVERSION = YES;
				CLANG_WARN_NON_LITERAL_NULL_CONVERSION = YES;
				CLANG_WARN_OBJC_IMPLICIT_RETAIN_SELF = YES;
				CLANG_WARN_OBJC_LITERAL_CONVERSION = YES;
				CLANG_WARN_OBJC_ROOT_CLASS = YES_ERROR;
				CLANG_WARN_RANGE_LOOP_ANALYSIS = YES;
				CLANG_WARN_STRICT_PROTOTYPES = YES;
				CLANG_WARN_SUSPICIOUS_MOVE = YES;
				CLANG_WARN_UNGUARDED_AVAILABILITY = YES_AGGRESSIVE;
				CLANG_WARN_UNREACHABLE_CODE = YES;
				CLANG_WARN__DUPLICATE_METHOD_MATCH = YES;
				CODE_SIGN_IDENTITY = "Mac Developer";
				COPY_PHASE_STRIP = NO;
				CURRENT_PROJECT_VERSION = 1;
				DEBUG_INFORMATION_FORMAT = "dwarf-with-dsym";
				ENABLE_NS_ASSERTIONS = NO;
				ENABLE_STRICT_OBJC_MSGSEND = YES;
				GCC_C_LANGUAGE_STANDARD = gnu11;
				GCC_NO_COMMON_BLOCKS = YES;
				GCC_WARN_64_TO_32_BIT_CONVERSION = YES;
				GCC_WARN_ABOUT_RETURN_TYPE = YES_ERROR;
				GCC_WARN_UNDECLARED_SELECTOR = YES;
				GCC_WARN_UNINITIALIZED_AUTOS = YES_AGGRESSIVE;
				GCC_WARN_UNUSED_FUNCTION = YES;
				GCC_WARN_UNUSED_VARIABLE = YES;
				MACOSX_DEPLOYMENT_TARGET = 10.13;
				MTL_ENABLE_DEBUG_INFO = NO;
				SDKROOT = macosx;
				VERSIONING_SYSTEM = "apple-generic";
				VERSION_INFO_PREFIX = "";
			};
			name = Release;
		};
		1FDE9AA2204436FD007A5108 /* Debug */ = {
			isa = XCBuildConfiguration;
			buildSettings = {
				CODE_SIGN_IDENTITY = "";
				CODE_SIGN_STYLE = Automatic;
				COMBINE_HIDPI_IMAGES = YES;
				CURRENT_PROJECT_VERSION = "$(RC_ProjectSourceVersion)";
				DEFINES_MODULE = YES;
				DEVELOPMENT_TEAM = 3P242C9ES5;
				DYLIB_COMPATIBILITY_VERSION = 1;
				DYLIB_CURRENT_VERSION = 1;
				FRAMEWORK_VERSION = A;
				INFOPLIST_FILE = "$(SRCROOT)/Info.plist";
				INSTALL_PATH = /System/Library/PrivateFrameworks;
				PRODUCT_BUNDLE_IDENTIFIER = org.puredarwin.jpeglib;
				PRODUCT_NAME = "$(TARGET_NAME:c99extidentifier)";
				SUPPORTS_TEXT_BASED_API = YES;
			};
			name = Debug;
		};
		1FDE9AA3204436FD007A5108 /* Release */ = {
			isa = XCBuildConfiguration;
			buildSettings = {
				CODE_SIGN_IDENTITY = "";
				CODE_SIGN_STYLE = Automatic;
				COMBINE_HIDPI_IMAGES = YES;
				CURRENT_PROJECT_VERSION = "$(RC_ProjectSourceVersion)";
				DEFINES_MODULE = YES;
				DEVELOPMENT_TEAM = 3P242C9ES5;
				DYLIB_COMPATIBILITY_VERSION = 1;
				DYLIB_CURRENT_VERSION = 1;
				FRAMEWORK_VERSION = A;
				INFOPLIST_FILE = "$(SRCROOT)/Info.plist";
				INSTALL_PATH = /System/Library/PrivateFrameworks;
				PRODUCT_BUNDLE_IDENTIFIER = org.puredarwin.jpeglib;
				PRODUCT_NAME = "$(TARGET_NAME:c99extidentifier)";
				SUPPORTS_TEXT_BASED_API = YES;
			};
			name = Release;
		};
/* End XCBuildConfiguration section */

/* Begin XCConfigurationList section */
		1FDE9A93204436FD007A5108 /* Build configuration list for PBXProject "jpeglib" */ = {
			isa = XCConfigurationList;
			buildConfigurations = (
				1FDE9A9F204436FD007A5108 /* Debug */,
				1FDE9AA0204436FD007A5108 /* Release */,
			);
			defaultConfigurationIsVisible = 0;
			defaultConfigurationName = Release;
		};
		1FDE9AA1204436FD007A5108 /* Build configuration list for PBXNativeTarget "jpeglib" */ = {
			isa = XCConfigurationList;
			buildConfigurations = (
				1FDE9AA2204436FD007A5108 /* Debug */,
				1FDE9AA3204436FD007A5108 /* Release */,
			);
			defaultConfigurationIsVisible = 0;
			defaultConfigurationName = Release;
		};
/* End XCConfigurationList section */
	};
	rootObject = 1FDE9A90204436FD007A5108 /* Project object */;
}
