// !$*UTF8*$!
{
	archiveVersion = 1;
	classes = {
	};
	objectVersion = 48;
	objects = {

/* Begin PBXBuildFile section */
		1FDE9AF720443783007A5108 /* jcomapi.c in Sources */ = {isa = PBXBuildFile; fileRef = 1FDE9AA420443779007A5108 /* jcomapi.c */; };
		1FDE9AF820443783007A5108 /* jmemmgr.c in Sources */ = {isa = PBXBuildFile; fileRef = 1FDE9AA520443779007A5108 /* jmemmgr.c */; };
		1FDE9AFA20443783007A5108 /* jcapimin.c in Sources */ = {isa = PBXBuildFile; fileRef = 1FDE9AA72044377A007A5108 /* jcapimin.c */; };
		1FDE9AFB20443783007A5108 /* jversion.h in Headers */ = {isa = PBXBuildFile; fileRef = 1FDE9AA82044377A007A5108 /* jversion.h */; };
		1FDE9AFD20443783007A5108 /* jcdctmgr.c in Sources */ = {isa = PBXBuildFile; fileRef = 1FDE9AAA2044377A007A5108 /* jcdctmgr.c */; };
		1FDE9AFE20443783007A5108 /* jcmarker.c in Sources */ = {isa = PBXBuildFile; fileRef = 1FDE9AAB2044377A007A5108 /* jcmarker.c */; };
		1FDE9AFF20443783007A5108 /* jdct.h in Headers */ = {isa = PBXBuildFile; fileRef = 1FDE9AAC2044377A007A5108 /* jdct.h */; };
		1FDE9B0020443783007A5108 /* jcapistd.c in Sources */ = {isa = PBXBuildFile; fileRef = 1FDE9AAD2044377A007A5108 /* jcapistd.c */; };
		1FDE9B0120443783007A5108 /* jdapistd.c in Sources */ = {isa = PBXBuildFile; fileRef = 1FDE9AAE2044377A007A5108 /* jdapistd.c */; };
		1FDE9B0320443783007A5108 /* jquant1.c in Sources */ = {isa = PBXBuildFile; fileRef = 1FDE9AB02044377A007A5108 /* jquant1.c */; };
		1FDE9B0420443783007A5108 /* jdsample.c in Sources */ = {isa = PBXBuildFile; fileRef = 1FDE9AB12044377A007A5108 /* jdsample.c */; };
		1FDE9B0520443783007A5108 /* jdmaster.c in Sources */ = {isa = PBXBuildFile; fileRef = 1FDE9AB22044377A007A5108 /* jdmaster.c */; };
		1FDE9B0620443783007A5108 /* jfdctint.c in Sources */ = {isa = PBXBuildFile; fileRef = 1FDE9AB32044377B007A5108 /* jfdctint.c */; };
		1FDE9B0720443783007A5108 /* cdjpeg.h in Headers */ = {isa = PBXBuildFile; fileRef = 1FDE9AB42044377B007A5108 /* cdjpeg.h */; };
		1FDE9B0820443783007A5108 /* jdarith.c in Sources */ = {isa = PBXBuildFile; fileRef = 1FDE9AB52044377B007A5108 /* jdarith.c */; };
		1FDE9B0920443783007A5108 /* jmorecfg.h in Headers */ = {isa = PBXBuildFile; fileRef = 1FDE9AB62044377B007A5108 /* jmorecfg.h */; settings = {ATTRIBUTES = (Public, ); }; };
		1FDE9B0A20443783007A5108 /* jpegint.h in Headers */ = {isa = PBXBuildFile; fileRef = 1FDE9AB72044377B007A5108 /* jpegint.h */; };
		1FDE9B0B20443783007A5108 /* jquant2.c in Sources */ = {isa = PBXBuildFile; fileRef = 1FDE9AB82044377B007A5108 /* jquant2.c */; };
		1FDE9B0C20443783007A5108 /* jerror.h in Headers */ = {isa = PBXBuildFile; fileRef = 1FDE9AB92044377B007A5108 /* jerror.h */; settings = {ATTRIBUTES = (Public, ); }; };
		1FDE9B0D20443783007A5108 /* cderror.h in Headers */ = {isa = PBXBuildFile; fileRef = 1FDE9ABA2044377B007A5108 /* cderror.h */; };
		1FDE9B0E20443783007A5108 /* jcsample.c in Sources */ = {isa = PBXBuildFile; fileRef = 1FDE9ABB2044377B007A5108 /* jcsample.c */; };
		1FDE9B0F20443783007A5108 /* jdcoefct.c in Sources */ = {isa = PBXBuildFile; fileRef = 1FDE9ABC2044377B007A5108 /* jdcoefct.c */; };
		1FDE9B1020443783007A5108 /* jidctint.c in Sources */ = {isa = PBXBuildFile; fileRef = 1FDE9ABD2044377C007A5108 /* jidctint.c */; };
		1FDE9B1120443783007A5108 /* jdtrans.c in Sources */ = {isa = PBXBuildFile; fileRef = 1FDE9ABE2044377C007A5108 /* jdtrans.c */; };
		1FDE9B1320443783007A5108 /* jcarith.c in Sources */ = {isa = PBXBuildFile; fileRef = 1FDE9AC02044377C007A5108 /* jcarith.c */; };
		1FDE9B1420443783007A5108 /* jcprepct.c in Sources */ = {isa = PBXBuildFile; fileRef = 1FDE9AC12044377C007A5108 /* jcprepct.c */; };
		1FDE9B1720443783007A5108 /* jaricom.c in Sources */ = {isa = PBXBuildFile; fileRef = 1FDE9AC42044377C007A5108 /* jaricom.c */; };
		1FDE9B1820443783007A5108 /* jdpostct.c in Sources */ = {isa = PBXBuildFile; fileRef = 1FDE9AC52044377D007A5108 /* jdpostct.c */; };
		1FDE9B1B20443783007A5108 /* transupp.c in Sources */ = {isa = PBXBuildFile; fileRef = 1FDE9AC82044377D007A5108 /* transupp.c */; };
		1FDE9B1F20443783007A5108 /* jidctflt.c in Sources */ = {isa = PBXBuildFile; fileRef = 1FDE9ACC2044377D007A5108 /* jidctflt.c */; };
		1FDE9B2120443783007A5108 /* jutils.c in Sources */ = {isa = PBXBuildFile; fileRef = 1FDE9ACE2044377E007A5108 /* jutils.c */; };
		1FDE9B2220443783007A5108 /* jchuff.c in Sources */ = {isa = PBXBuildFile; fileRef = 1FDE9ACF2044377E007A5108 /* jchuff.c */; };
		1FDE9B2320443783007A5108 /* jcparam.c in Sources */ = {isa = PBXBuildFile; fileRef = 1FDE9AD02044377E007A5108 /* jcparam.c */; };
		1FDE9B2420443783007A5108 /* jdmerge.c in Sources */ = {isa = PBXBuildFile; fileRef = 1FDE9AD12044377E007A5108 /* jdmerge.c */; };
		1FDE9B2620443783007A5108 /* jcmainct.c in Sources */ = {isa = PBXBuildFile; fileRef = 1FDE9AD32044377E007A5108 /* jcmainct.c */; };
		1FDE9B2720443783007A5108 /* jcmaster.c in Sources */ = {isa = PBXBuildFile; fileRef = 1FDE9AD42044377E007A5108 /* jcmaster.c */; };
		1FDE9B2920443783007A5108 /* jccolor.c in Sources */ = {isa = PBXBuildFile; fileRef = 1FDE9AD62044377F007A5108 /* jccolor.c */; };
		1FDE9B2B20443783007A5108 /* jcinit.c in Sources */ = {isa = PBXBuildFile; fileRef = 1FDE9AD82044377F007A5108 /* jcinit.c */; };
		1FDE9B2C20443783007A5108 /* jdinput.c in Sources */ = {isa = PBXBuildFile; fileRef = 1FDE9AD92044377F007A5108 /* jdinput.c */; };
		1FDE9B2E20443783007A5108 /* jconfig.h in Headers */ = {isa = PBXBuildFile; fileRef = 1FDE9ADB2044377F007A5108 /* jconfig.h */; };
		1FDE9B2F20443783007A5108 /* jinclude.h in Headers */ = {isa = PBXBuildFile; fileRef = 1FDE9ADC2044377F007A5108 /* jinclude.h */; };
		1FDE9B3020443783007A5108 /* jdapimin.c in Sources */ = {isa = PBXBuildFile; fileRef = 1FDE9ADD2044377F007A5108 /* jdapimin.c */; };
		1FDE9B3120443783007A5108 /* jdcolor.c in Sources */ = {isa = PBXBuildFile; fileRef = 1FDE9ADE20443780007A5108 /* jdcolor.c */; };
		1FDE9B3220443783007A5108 /* jdhuff.c in Sources */ = {isa = PBXBuildFile; fileRef = 1FDE9ADF20443780007A5108 /* jdhuff.c */; };
		1FDE9B3520443783007A5108 /* jddctmgr.c in Sources */ = {isa = PBXBuildFile; fileRef = 1FDE9AE220443780007A5108 /* jddctmgr.c */; };
		1FDE9B3620443783007A5108 /* jdatadst.c in Sources */ = {isa = PBXBuildFile; fileRef = 1FDE9AE320443780007A5108 /* jdatadst.c */; };
		1FDE9B3720443783007A5108 /* jidctfst.c in Sources */ = {isa = PBXBuildFile; fileRef = 1FDE9AE420443780007A5108 /* jidctfst.c */; };
		1FDE9B3A20443783007A5108 /* jdmarker.c in Sources */ = {isa = PBXBuildFile; fileRef = 1FDE9AE720443780007A5108 /* jdmarker.c */; };
		1FDE9B3B20443783007A5108 /* jmemansi.c in Sources */ = {isa = PBXBuildFile; fileRef = 1FDE9AE820443781007A5108 /* jmemansi.c */; };
		1FDE9B3D20443783007A5108 /* jdmainct.c in Sources */ = {isa = PBXBuildFile; fileRef = 1FDE9AEA20443781007A5108 /* jdmainct.c */; };
		1FDE9B3F20443783007A5108 /* jfdctfst.c in Sources */ = {isa = PBXBuildFile; fileRef = 1FDE9AEC20443781007A5108 /* jfdctfst.c */; };
		1FDE9B4020443783007A5108 /* jmemsys.h in Headers */ = {isa = PBXBuildFile; fileRef = 1FDE9AED20443781007A5108 /* jmemsys.h */; };
		1FDE9B4220443783007A5108 /* jpeglib.h in Headers */ = {isa = PBXBuildFile; fileRef = 1FDE9AEF20443781007A5108 /* jpeglib.h */; settings = {ATTRIBUTES = (Public, ); }; };
		1FDE9B4320443783007A5108 /* transupp.h in Headers */ = {isa = PBXBuildFile; fileRef = 1FDE9AF020443782007A5108 /* transupp.h */; };
		1FDE9B4520443783007A5108 /* jfdctflt.c in Sources */ = {isa = PBXBuildFile; fileRef = 1FDE9AF220443782007A5108 /* jfdctflt.c */; };
		1FDE9B4620443783007A5108 /* jctrans.c in Sources */ = {isa = PBXBuildFile; fileRef = 1FDE9AF320443782007A5108 /* jctrans.c */; };
		1FDE9B4720443783007A5108 /* jdatasrc.c in Sources */ = {isa = PBXBuildFile; fileRef = 1FDE9AF420443783007A5108 /* jdatasrc.c */; };
		1FDE9B4820443783007A5108 /* jccoefct.c in Sources */ = {isa = PBXBuildFile; fileRef = 1FDE9AF520443783007A5108 /* jccoefct.c */; };
		1FDE9B4920443783007A5108 /* jerror.c in Sources */ = {isa = PBXBuildFile; fileRef = 1FDE9AF620443783007A5108 /* jerror.c */; };
/* End PBXBuildFile section */

/* Begin PBXFileReference section */
		1FDE9A99204436FD007A5108 /* jpeglib.framework */ = {isa = PBXFileReference; explicitFileType = wrapper.framework; includeInIndex = 0; path = jpeglib.framework; sourceTree = BUILT_PRODUCTS_DIR; };
		1FDE9A9D204436FD007A5108 /* Info.plist */ = {isa = PBXFileReference; lastKnownFileType = text.plist.xml; path = Info.plist; sourceTree = "<group>"; };
		1FDE9AA420443779007A5108 /* jcomapi.c */ = {isa = PBXFileReference; fileEncoding = 4; lastKnownFileType = sourcecode.c.c; path = jcomapi.c; sourceTree = "<group>"; };
		1FDE9AA520443779007A5108 /* jmemmgr.c */ = {isa = PBXFileReference; fileEncoding = 4; lastKnownFileType = sourcecode.c.c; path = jmemmgr.c; sourceTree = "<group>"; };
		1FDE9AA620443779007A5108 /* djpeg.c */ = {isa = PBXFileReference; fileEncoding = 4; lastKnownFileType = sourcecode.c.c; path = djpeg.c; sourceTree = "<group>"; };
		1FDE9AA72044377A007A5108 /* jcapimin.c */ = {isa = PBXFileReference; fileEncoding = 4; lastKnownFileType = sourcecode.c.c; path = jcapimin.c; sourceTree = "<group>"; };
		1FDE9AA82044377A007A5108 /* jversion.h */ = {isa = PBXFileReference; fileEncoding = 4; lastKnownFileType = sourcecode.c.h; path = jversion.h; sourceTree = "<group>"; };
		1FDE9AA92044377A007A5108 /* wrtarga.c */ = {isa = PBXFileReference; fileEncoding = 4; lastKnownFileType = sourcecode.c.c; path = wrtarga.c; sourceTree = "<group>"; };
		1FDE9AAA2044377A007A5108 /* jcdctmgr.c */ = {isa = PBXFileReference; fileEncoding = 4; lastKnownFileType = sourcecode.c.c; path = jcdctmgr.c; sourceTree = "<group>"; };
		1FDE9AAB2044377A007A5108 /* jcmarker.c */ = {isa = PBXFileReference; fileEncoding = 4; lastKnownFileType = sourcecode.c.c; path = jcmarker.c; sourceTree = "<group>"; };
		1FDE9AAC2044377A007A5108 /* jdct.h */ = {isa = PBXFileReference; fileEncoding = 4; lastKnownFileType = sourcecode.c.h; path = jdct.h; sourceTree = "<group>"; };
		1FDE9AAD2044377A007A5108 /* jcapistd.c */ = {isa = PBXFileReference; fileEncoding = 4; lastKnownFileType = sourcecode.c.c; path = jcapistd.c; sourceTree = "<group>"; };
		1FDE9AAE2044377A007A5108 /* jdapistd.c */ = {isa = PBXFileReference; fileEncoding = 4; lastKnownFileType = sourcecode.c.c; path = jdapistd.c; sourceTree = "<group>"; };
		1FDE9AB02044377A007A5108 /* jquant1.c */ = {isa = PBXFileReference; fileEncoding = 4; lastKnownFileType = sourcecode.c.c; path = jquant1.c; sourceTree = "<group>"; };
		1FDE9AB12044377A007A5108 /* jdsample.c */ = {isa = PBXFileReference; fileEncoding = 4; lastKnownFileType = sourcecode.c.c; path = jdsample.c; sourceTree = "<group>"; };
		1FDE9AB22044377A007A5108 /* jdmaster.c */ = {isa = PBXFileReference; fileEncoding = 4; lastKnownFileType = sourcecode.c.c; path = jdmaster.c; sourceTree = "<group>"; };
		1FDE9AB32044377B007A5108 /* jfdctint.c */ = {isa = PBXFileReference; fileEncoding = 4; lastKnownFileType = sourcecode.c.c; path = jfdctint.c; sourceTree = "<group>"; };
		1FDE9AB42044377B007A5108 /* cdjpeg.h */ = {isa = PBXFileReference; fileEncoding = 4; lastKnownFileType = sourcecode.c.h; path = cdjpeg.h; sourceTree = "<group>"; };
		1FDE9AB52044377B007A5108 /* jdarith.c */ = {isa = PBXFileReference; fileEncoding = 4; lastKnownFileType = sourcecode.c.c; path = jdarith.c; sourceTree = "<group>"; };
		1FDE9AB62044377B007A5108 /* jmorecfg.h */ = {isa = PBXFileReference; fileEncoding = 4; lastKnownFileType = sourcecode.c.h; path = jmorecfg.h; sourceTree = "<group>"; };
		1FDE9AB72044377B007A5108 /* jpegint.h */ = {isa = PBXFileReference; fileEncoding = 4; lastKnownFileType = sourcecode.c.h; path = jpegint.h; sourceTree = "<group>"; };
		1FDE9AB82044377B007A5108 /* jquant2.c */ = {isa = PBXFileReference; fileEncoding = 4; lastKnownFileType = sourcecode.c.c; path = jquant2.c; sourceTree = "<group>"; };
		1FDE9AB92044377B007A5108 /* jerror.h */ = {isa = PBXFileReference; fileEncoding = 4; lastKnownFileType = sourcecode.c.h; path = jerror.h; sourceTree = "<group>"; };
		1FDE9ABA2044377B007A5108 /* cderror.h */ = {isa = PBXFileReference; fileEncoding = 4; lastKnownFileType = sourcecode.c.h; path = cderror.h; sourceTree = "<group>"; };
		1FDE9ABB2044377B007A5108 /* jcsample.c */ = {isa = PBXFileReference; fileEncoding = 4; lastKnownFileType = sourcecode.c.c; path = jcsample.c; sourceTree = "<group>"; };
		1FDE9ABC2044377B007A5108 /* jdcoefct.c */ = {isa = PBXFileReference; fileEncoding = 4; lastKnownFileType = sourcecode.c.c; path = jdcoefct.c; sourceTree = "<group>"; };
		1FDE9ABD2044377C007A5108 /* jidctint.c */ = {isa = PBXFileReference; fileEncoding = 4; lastKnownFileType = sourcecode.c.c; path = jidctint.c; sourceTree = "<group>"; };
		1FDE9ABE2044377C007A5108 /* jdtrans.c */ = {isa = PBXFileReference; fileEncoding = 4; lastKnownFileType = sourcecode.c.c; path = jdtrans.c; sourceTree = "<group>"; };
		1FDE9ABF2044377C007A5108 /* wrppm.c */ = {isa = PBXFileReference; fileEncoding = 4; lastKnownFileType = sourcecode.c.c; path = wrppm.c; sourceTree = "<group>"; };
		1FDE9AC02044377C007A5108 /* jcarith.c */ = {isa = PBXFileReference; fileEncoding = 4; lastKnownFileType = sourcecode.c.c; path = jcarith.c; sourceTree = "<group>"; };
		1FDE9AC12044377C007A5108 /* jcprepct.c */ = {isa = PBXFileReference; fileEncoding = 4; lastKnownFileType = sourcecode.c.c; path = jcprepct.c; sourceTree = "<group>"; };
		1FDE9AC22044377C007A5108 /* cdjpeg.c */ = {isa = PBXFileReference; fileEncoding = 4; lastKnownFileType = sourcecode.c.c; path = cdjpeg.c; sourceTree = "<group>"; };
		1FDE9AC32044377C007A5108 /* rdtarga.c */ = {isa = PBXFileReference; fileEncoding = 4; lastKnownFileType = sourcecode.c.c; path = rdtarga.c; sourceTree = "<group>"; };
		1FDE9AC42044377C007A5108 /* jaricom.c */ = {isa = PBXFileReference; fileEncoding = 4; lastKnownFileType = sourcecode.c.c; path = jaricom.c; sourceTree = "<group>"; };
		1FDE9AC52044377D007A5108 /* jdpostct.c */ = {isa = PBXFileReference; fileEncoding = 4; lastKnownFileType = sourcecode.c.c; path = jdpostct.c; sourceTree = "<group>"; };
		1FDE9AC72044377D007A5108 /* rdswitch.c */ = {isa = PBXFileReference; fileEncoding = 4; lastKnownFileType = sourcecode.c.c; path = rdswitch.c; sourceTree = "<group>"; };
		1FDE9AC82044377D007A5108 /* transupp.c */ = {isa = PBXFileReference; fileEncoding = 4; lastKnownFileType = sourcecode.c.c; path = transupp.c; sourceTree = "<group>"; };
		1FDE9AC92044377D007A5108 /* wrgif.c */ = {isa = PBXFileReference; fileEncoding = 4; lastKnownFileType = sourcecode.c.c; path = wrgif.c; sourceTree = "<group>"; };
		1FDE9ACA2044377D007A5108 /* example.c */ = {isa = PBXFileReference; fileEncoding = 4; lastKnownFileType = sourcecode.c.c; path = example.c; sourceTree = "<group>"; };
		1FDE9ACB2044377D007A5108 /* ckconfig.c */ = {isa = PBXFileReference; fileEncoding = 4; lastKnownFileType = sourcecode.c.c; path = ckconfig.c; sourceTree = "<group>"; };
		1FDE9ACC2044377D007A5108 /* jidctflt.c */ = {isa = PBXFileReference; fileEncoding = 4; lastKnownFileType = sourcecode.c.c; path = jidctflt.c; sourceTree = "<group>"; };
		1FDE9ACD2044377E007A5108 /* wrrle.c */ = {isa = PBXFileReference; fileEncoding = 4; lastKnownFileType = sourcecode.c.c; path = wrrle.c; sourceTree = "<group>"; };
		1FDE9ACE2044377E007A5108 /* jutils.c */ = {isa = PBXFileReference; fileEncoding = 4; lastKnownFileType = sourcecode.c.c; path = jutils.c; sourceTree = "<group>"; };
		1FDE9ACF2044377E007A5108 /* jchuff.c */ = {isa = PBXFileReference; fileEncoding = 4; lastKnownFileType = sourcecode.c.c; path = jchuff.c; sourceTree = "<group>"; };
		1FDE9AD02044377E007A5108 /* jcparam.c */ = {isa = PBXFileReference; fileEncoding = 4; lastKnownFileType = sourcecode.c.c; path = jcparam.c; sourceTree = "<group>"; };
		1FDE9AD12044377E007A5108 /* jdmerge.c */ = {isa = PBXFileReference; fileEncoding = 4; lastKnownFileType = sourcecode.c.c; path = jdmerge.c; sourceTree = "<group>"; };
		1FDE9AD22044377E007A5108 /* rdjpgcom.c */ = {isa = PBXFileReference; fileEncoding = 4; lastKnownFileType = sourcecode.c.c; path = rdjpgcom.c; sourceTree = "<group>"; };
		1FDE9AD32044377E007A5108 /* jcmainct.c */ = {isa = PBXFileReference; fileEncoding = 4; lastKnownFileType = sourcecode.c.c; path = jcmainct.c; sourceTree = "<group>"; };
		1FDE9AD42044377E007A5108 /* jcmaster.c */ = {isa = PBXFileReference; fileEncoding = 4; lastKnownFileType = sourcecode.c.c; path = jcmaster.c; sourceTree = "<group>"; };
		1FDE9AD52044377E007A5108 /* rdcolmap.c */ = {isa = PBXFileReference; fileEncoding = 4; lastKnownFileType = sourcecode.c.c; path = rdcolmap.c; sourceTree = "<group>"; };
		1FDE9AD62044377F007A5108 /* jccolor.c */ = {isa = PBXFileReference; fileEncoding = 4; lastKnownFileType = sourcecode.c.c; path = jccolor.c; sourceTree = "<group>"; };
		1FDE9AD72044377F007A5108 /* rdgif.c */ = {isa = PBXFileReference; fileEncoding = 4; lastKnownFileType = sourcecode.c.c; path = rdgif.c; sourceTree = "<group>"; };
		1FDE9AD82044377F007A5108 /* jcinit.c */ = {isa = PBXFileReference; fileEncoding = 4; lastKnownFileType = sourcecode.c.c; path = jcinit.c; sourceTree = "<group>"; };
		1FDE9AD92044377F007A5108 /* jdinput.c */ = {isa = PBXFileReference; fileEncoding = 4; lastKnownFileType = sourcecode.c.c; path = jdinput.c; sourceTree = "<group>"; };
		1FDE9ADA2044377F007A5108 /* wrjpgcom.c */ = {isa = PBXFileReference; fileEncoding = 4; lastKnownFileType = sourcecode.c.c; path = wrjpgcom.c; sourceTree = "<group>"; };
		1FDE9ADB2044377F007A5108 /* jconfig.h */ = {isa = PBXFileReference; fileEncoding = 4; lastKnownFileType = sourcecode.c.h; path = jconfig.h; sourceTree = "<group>"; };
		1FDE9ADC2044377F007A5108 /* jinclude.h */ = {isa = PBXFileReference; fileEncoding = 4; lastKnownFileType = sourcecode.c.h; path = jinclude.h; sourceTree = "<group>"; };
		1FDE9ADD2044377F007A5108 /* jdapimin.c */ = {isa = PBXFileReference; fileEncoding = 4; lastKnownFileType = sourcecode.c.c; path = jdapimin.c; sourceTree = "<group>"; };
		1FDE9ADE20443780007A5108 /* jdcolor.c */ = {isa = PBXFileReference; fileEncoding = 4; lastKnownFileType = sourcecode.c.c; path = jdcolor.c; sourceTree = "<group>"; };
		1FDE9ADF20443780007A5108 /* jdhuff.c */ = {isa = PBXFileReference; fileEncoding = 4; lastKnownFileType = sourcecode.c.c; path = jdhuff.c; sourceTree = "<group>"; };
		1FDE9AE020443780007A5108 /* rdppm.c */ = {isa = PBXFileReference; fileEncoding = 4; lastKnownFileType = sourcecode.c.c; path = rdppm.c; sourceTree = "<group>"; };
		1FDE9AE120443780007A5108 /* rdrle.c */ = {isa = PBXFileReference; fileEncoding = 4; lastKnownFileType = sourcecode.c.c; path = rdrle.c; sourceTree = "<group>"; };
		1FDE9AE220443780007A5108 /* jddctmgr.c */ = {isa = PBXFileReference; fileEncoding = 4; lastKnownFileType = sourcecode.c.c; path = jddctmgr.c; sourceTree = "<group>"; };
		1FDE9AE320443780007A5108 /* jdatadst.c */ = {isa = PBXFileReference; fileEncoding = 4; lastKnownFileType = sourcecode.c.c; path = jdatadst.c; sourceTree = "<group>"; };
		1FDE9AE420443780007A5108 /* jidctfst.c */ = {isa = PBXFileReference; fileEncoding = 4; lastKnownFileType = sourcecode.c.c; path = jidctfst.c; sourceTree = "<group>"; };
		1FDE9AE620443780007A5108 /* cjpeg.c */ = {isa = PBXFileReference; fileEncoding = 4; lastKnownFileType = sourcecode.c.c; path = cjpeg.c; sourceTree = "<group>"; };
		1FDE9AE720443780007A5108 /* jdmarker.c */ = {isa = PBXFileReference; fileEncoding = 4; lastKnownFileType = sourcecode.c.c; path = jdmarker.c; sourceTree = "<group>"; };
		1FDE9AE820443781007A5108 /* jmemansi.c */ = {isa = PBXFileReference; fileEncoding = 4; lastKnownFileType = sourcecode.c.c; path = jmemansi.c; sourceTree = "<group>"; };
		1FDE9AE920443781007A5108 /* rdbmp.c */ = {isa = PBXFileReference; fileEncoding = 4; lastKnownFileType = sourcecode.c.c; path = rdbmp.c; sourceTree = "<group>"; };
		1FDE9AEA20443781007A5108 /* jdmainct.c */ = {isa = PBXFileReference; fileEncoding = 4; lastKnownFileType = sourcecode.c.c; path = jdmainct.c; sourceTree = "<group>"; };
		1FDE9AEB20443781007A5108 /* wrbmp.c */ = {isa = PBXFileReference; fileEncoding = 4; lastKnownFileType = sourcecode.c.c; path = wrbmp.c; sourceTree = "<group>"; };
		1FDE9AEC20443781007A5108 /* jfdctfst.c */ = {isa = PBXFileReference; fileEncoding = 4; lastKnownFileType = sourcecode.c.c; path = jfdctfst.c; sourceTree = "<group>"; };
		1FDE9AED20443781007A5108 /* jmemsys.h */ = {isa = PBXFileReference; fileEncoding = 4; lastKnownFileType = sourcecode.c.h; path = jmemsys.h; sourceTree = "<group>"; };
		1FDE9AEE20443781007A5108 /* jpegtran.c */ = {isa = PBXFileReference; fileEncoding = 4; lastKnownFileType = sourcecode.c.c; path = jpegtran.c; sourceTree = "<group>"; };
		1FDE9AEF20443781007A5108 /* jpeglib.h */ = {isa = PBXFileReference; fileEncoding = 4; lastKnownFileType = sourcecode.c.h; path = jpeglib.h; sourceTree = "<group>"; };
		1FDE9AF020443782007A5108 /* transupp.h */ = {isa = PBXFileReference; fileEncoding = 4; lastKnownFileType = sourcecode.c.h; path = transupp.h; sourceTree = "<group>"; };
		1FDE9AF220443782007A5108 /* jfdctflt.c */ = {isa = PBXFileReference; fileEncoding = 4; lastKnownFileType = sourcecode.c.c; path = jfdctflt.c; sourceTree = "<group>"; };
		1FDE9AF320443782007A5108 /* jctrans.c */ = {isa = PBXFileReference; fileEncoding = 4; lastKnownFileType = sourcecode.c.c; path = jctrans.c; sourceTree = "<group>"; };
		1FDE9AF420443783007A5108 /* jdatasrc.c */ = {isa = PBXFileReference; fileEncoding = 4; lastKnownFileType = sourcecode.c.c; path = jdatasrc.c; sourceTree = "<group>"; };
		1FDE9AF520443783007A5108 /* jccoefct.c */ = {isa = PBXFileReference; fileEncoding = 4; lastKnownFileType = sourcecode.c.c; path = jccoefct.c; sourceTree = "<group>"; };
		1FDE9AF620443783007A5108 /* jerror.c */ = {isa = PBXFileReference; fileEncoding = 4; lastKnownFileType = sourcecode.c.c; path = jerror.c; sourceTree = "<group>"; };
/* End PBXFileReference section */

/* Begin PBXFrameworksBuildPhase section */
		1FDE9A95204436FD007A5108 /* Frameworks */ = {
			isa = PBXFrameworksBuildPhase;
			buildActionMask = 2147483647;
			files = (
			);
			runOnlyForDeploymentPostprocessing = 0;
		};
/* End PBXFrameworksBuildPhase section */

/* Begin PBXGroup section */
		1FDE9A8F204436FD007A5108 = {
			isa = PBXGroup;
			children = (
				1FDE9ABA2044377B007A5108 /* cderror.h */,
				1FDE9AC22044377C007A5108 /* cdjpeg.c */,
				1FDE9AB42044377B007A5108 /* cdjpeg.h */,
				1FDE9AE620443780007A5108 /* cjpeg.c */,
				1FDE9ACB2044377D007A5108 /* ckconfig.c */,
				1FDE9AA620443779007A5108 /* djpeg.c */,
				1FDE9ACA2044377D007A5108 /* example.c */,
				1FDE9AC42044377C007A5108 /* jaricom.c */,
				1FDE9AA72044377A007A5108 /* jcapimin.c */,
				1FDE9AAD2044377A007A5108 /* jcapistd.c */,
				1FDE9AC02044377C007A5108 /* jcarith.c */,
				1FDE9AF520443783007A5108 /* jccoefct.c */,
				1FDE9AD62044377F007A5108 /* jccolor.c */,
				1FDE9AAA2044377A007A5108 /* jcdctmgr.c */,
				1FDE9ACF2044377E007A5108 /* jchuff.c */,
				1FDE9AD82044377F007A5108 /* jcinit.c */,
				1FDE9AD32044377E007A5108 /* jcmainct.c */,
				1FDE9AAB2044377A007A5108 /* jcmarker.c */,
				1FDE9AD42044377E007A5108 /* jcmaster.c */,
				1FDE9AA420443779007A5108 /* jcomapi.c */,
				1FDE9ADB2044377F007A5108 /* jconfig.h */,
				1FDE9AD02044377E007A5108 /* jcparam.c */,
				1FDE9AC12044377C007A5108 /* jcprepct.c */,
				1FDE9ABB2044377B007A5108 /* jcsample.c */,
				1FDE9AF320443782007A5108 /* jctrans.c */,
				1FDE9ADD2044377F007A5108 /* jdapimin.c */,
				1FDE9AAE2044377A007A5108 /* jdapistd.c */,
				1FDE9AB52044377B007A5108 /* jdarith.c */,
				1FDE9AE320443780007A5108 /* jdatadst.c */,
				1FDE9AF420443783007A5108 /* jdatasrc.c */,
				1FDE9ABC2044377B007A5108 /* jdcoefct.c */,
				1FDE9ADE20443780007A5108 /* jdcolor.c */,
				1FDE9AAC2044377A007A5108 /* jdct.h */,
				1FDE9AE220443780007A5108 /* jddctmgr.c */,
				1FDE9ADF20443780007A5108 /* jdhuff.c */,
				1FDE9AD92044377F007A5108 /* jdinput.c */,
				1FDE9AEA20443781007A5108 /* jdmainct.c */,
				1FDE9AE720443780007A5108 /* jdmarker.c */,
				1FDE9AB22044377A007A5108 /* jdmaster.c */,
				1FDE9AD12044377E007A5108 /* jdmerge.c */,
				1FDE9AC52044377D007A5108 /* jdpostct.c */,
				1FDE9AB12044377A007A5108 /* jdsample.c */,
				1FDE9ABE2044377C007A5108 /* jdtrans.c */,
				1FDE9AF620443783007A5108 /* jerror.c */,
				1FDE9AB92044377B007A5108 /* jerror.h */,
				1FDE9AF220443782007A5108 /* jfdctflt.c */,
				1FDE9AEC20443781007A5108 /* jfdctfst.c */,
				1FDE9AB32044377B007A5108 /* jfdctint.c */,
				1FDE9ACC2044377D007A5108 /* jidctflt.c */,
				1FDE9AE420443780007A5108 /* jidctfst.c */,
				1FDE9ABD2044377C007A5108 /* jidctint.c */,
				1FDE9ADC2044377F007A5108 /* jinclude.h */,
				1FDE9AE820443781007A5108 /* jmemansi.c */,
				1FDE9AA520443779007A5108 /* jmemmgr.c */,
				1FDE9AED20443781007A5108 /* jmemsys.h */,
				1FDE9AB62044377B007A5108 /* jmorecfg.h */,
				1FDE9AB72044377B007A5108 /* jpegint.h */,
				1FDE9AEF20443781007A5108 /* jpeglib.h */,
				1FDE9AEE20443781007A5108 /* jpegtran.c */,
				1FDE9AB02044377A007A5108 /* jquant1.c */,
				1FDE9AB82044377B007A5108 /* jquant2.c */,
				1FDE9ACE2044377E007A5108 /* jutils.c */,
				1FDE9AA82044377A007A5108 /* jversion.h */,
				1FDE9AE920443781007A5108 /* rdbmp.c */,
				1FDE9AD52044377E007A5108 /* rdcolmap.c */,
				1FDE9AD72044377F007A5108 /* rdgif.c */,
				1FDE9AD22044377E007A5108 /* rdjpgcom.c */,
				1FDE9AE020443780007A5108 /* rdppm.c */,
				1FDE9AE120443780007A5108 /* rdrle.c */,
				1FDE9AC72044377D007A5108 /* rdswitch.c */,
				1FDE9AC32044377C007A5108 /* rdtarga.c */,
				1FDE9AC82044377D007A5108 /* transupp.c */,
				1FDE9AF020443782007A5108 /* transupp.h */,
				1FDE9AEB20443781007A5108 /* wrbmp.c */,
				1FDE9AC92044377D007A5108 /* wrgif.c */,
				1FDE9ADA2044377F007A5108 /* wrjpgcom.c */,
				1FDE9ABF2044377C007A5108 /* wrppm.c */,
				1FDE9ACD2044377E007A5108 /* wrrle.c */,
				1FDE9AA92044377A007A5108 /* wrtarga.c */,
				1FDE9A9D204436FD007A5108 /* Info.plist */,
				1FDE9A9A204436FD007A5108 /* Products */,
			);
			sourceTree = "<group>";
		};
		1FDE9A9A204436FD007A5108 /* Products */ = {
			isa = PBXGroup;
			children = (
				1FDE9A99204436FD007A5108 /* jpeglib.framework */,
			);
			name = Products;
			sourceTree = "<group>";
		};
/* End PBXGroup section */

/* Begin PBXHeadersBuildPhase section */
		1FDE9A96204436FD007A5108 /* Headers */ = {
			isa = PBXHeadersBuildPhase;
			buildActionMask = 2147483647;
			files = (
				1FDE9B4220443783007A5108 /* jpeglib.h in Headers */,
				1FDE9B0C20443783007A5108 /* jerror.h in Headers */,
				1FDE9B0920443783007A5108 /* jmorecfg.h in Headers */,
				1FDE9AFB20443783007A5108 /* jversion.h in Headers */,
				1FDE9B0A20443783007A5108 /* jpegint.h in Headers */,
				1FDE9B4020443783007A5108 /* jmemsys.h in Headers */,
				1FDE9B0720443783007A5108 /* cdjpeg.h in Headers */,
				1FDE9B2F20443783007A5108 /* jinclude.h in Headers */,
				1FDE9B0D20443783007A5108 /* cderror.h in Headers */,
				1FDE9B4320443783007A5108 /* transupp.h in Headers */,
				1FDE9AFF20443783007A5108 /* jdct.h in Headers */,
				1FDE9B2E20443783007A5108 /* jconfig.h in Headers */,
			);
			runOnlyForDeploymentPostprocessing = 0;
		};
/* End PBXHeadersBuildPhase section */

/* Begin PBXNativeTarget section */
		1FDE9A98204436FD007A5108 /* jpeglib */ = {
			isa = PBXNativeTarget;
			buildConfigurationList = 1FDE9AA1204436FD007A5108 /* Build configuration list for PBXNativeTarget "jpeglib" */;
			buildPhases = (
				1FDE9A94204436FD007A5108 /* Sources */,
				1FDE9A95204436FD007A5108 /* Frameworks */,
				1FDE9A96204436FD007A5108 /* Headers */,
				1FDE9A97204436FD007A5108 /* Resources */,
			);
			buildRules = (
			);
			dependencies = (
			);
			name = jpeglib;
			productName = jpeglib;
			productReference = 1FDE9A99204436FD007A5108 /* jpeglib.framework */;
			productType = "com.apple.product-type.framework";
		};
/* End PBXNativeTarget section */

/* Begin PBXProject section */
		1FDE9A90204436FD007A5108 /* Project object */ = {
			isa = PBXProject;
			attributes = {
				LastUpgradeCheck = 0930;
				ORGANIZATIONNAME = "PureDarwin Project";
				TargetAttributes = {
					1FDE9A98204436FD007A5108 = {
						CreatedOnToolsVersion = 9.3;
						ProvisioningStyle = Automatic;
					};
				};
			};
			buildConfigurationList = 1FDE9A93204436FD007A5108 /* Build configuration list for PBXProject "jpeglib" */;
			compatibilityVersion = "Xcode 8.0";
			developmentRegion = en;
			hasScannedForEncodings = 0;
			knownRegions = (
				en,
			);
			mainGroup = 1FDE9A8F204436FD007A5108;
			productRefGroup = 1FDE9A9A204436FD007A5108 /* Products */;
			projectDirPath = "";
			projectRoot = "";
			targets = (
				1FDE9A98204436FD007A5108 /* jpeglib */,
			);
		};
/* End PBXProject section */

/* Begin PBXResourcesBuildPhase section */
		1FDE9A97204436FD007A5108 /* Resources */ = {
			isa = PBXResourcesBuildPhase;
			buildActionMask = 2147483647;
			files = (
			);
			runOnlyForDeploymentPostprocessing = 0;
		};
/* End PBXResourcesBuildPhase section */

/* Begin PBXSourcesBuildPhase section */
		1FDE9A94204436FD007A5108 /* Sources */ = {
			isa = PBXSourcesBuildPhase;
			buildActionMask = 2147483647;
			files = (
				1FDE9B4820443783007A5108 /* jccoefct.c in Sources */,
				1FDE9B1120443783007A5108 /* jdtrans.c in Sources */,
				1FDE9B0120443783007A5108 /* jdapistd.c in Sources */,
				1FDE9B1B20443783007A5108 /* transupp.c in Sources */,
				1FDE9B1820443783007A5108 /* jdpostct.c in Sources */,
				1FDE9B3720443783007A5108 /* jidctfst.c in Sources */,
				1FDE9B3120443783007A5108 /* jdcolor.c in Sources */,
				1FDE9B2120443783007A5108 /* jutils.c in Sources */,
				1FDE9B3520443783007A5108 /* jddctmgr.c in Sources */,
				1FDE9AFE20443783007A5108 /* jcmarker.c in Sources */,
				1FDE9B4720443783007A5108 /* jdatasrc.c in Sources */,
				1FDE9B2220443783007A5108 /* jchuff.c in Sources */,
				1FDE9B3620443783007A5108 /* jdatadst.c in Sources */,
				1FDE9B2320443783007A5108 /* jcparam.c in Sources */,
				1FDE9B1320443783007A5108 /* jcarith.c in Sources */,
				1FDE9B2720443783007A5108 /* jcmaster.c in Sources */,
				1FDE9B3220443783007A5108 /* jdhuff.c in Sources */,
				1FDE9B0F20443783007A5108 /* jdcoefct.c in Sources */,
				1FDE9B0420443783007A5108 /* jdsample.c in Sources */,
				1FDE9B2920443783007A5108 /* jccolor.c in Sources */,
				1FDE9B0520443783007A5108 /* jdmaster.c in Sources */,
				1FDE9B0620443783007A5108 /* jfdctint.c in Sources */,
				1FDE9B2420443783007A5108 /* jdmerge.c in Sources */,
				1FDE9B2C20443783007A5108 /* jdinput.c in Sources */,
				1FDE9B1420443783007A5108 /* jcprepct.c in Sources */,
				1FDE9B1F20443783007A5108 /* jidctflt.c in Sources */,
				1FDE9B0820443783007A5108 /* jdarith.c in Sources */,
				1FDE9B3D20443783007A5108 /* jdmainct.c in Sources */,
				1FDE9AFD20443783007A5108 /* jcdctmgr.c in Sources */,
				1FDE9B0320443783007A5108 /* jquant1.c in Sources */,
				1FDE9B4920443783007A5108 /* jerror.c in Sources */,
				1FDE9AF720443783007A5108 /* jcomapi.c in Sources */,
				1FDE9B1720443783007A5108 /* jaricom.c in Sources */,
				1FDE9B0020443783007A5108 /* jcapistd.c in Sources */,
				1FDE9B0E20443783007A5108 /* jcsample.c in Sources */,
				1FDE9B2B20443783007A5108 /* jcinit.c in Sources */,
				1FDE9B2620443783007A5108 /* jcmainct.c in Sources */,
				1FDE9B3F20443783007A5108 /* jfdctfst.c in Sources */,
				1FDE9AFA20443783007A5108 /* jcapimin.c in Sources */,
				1FDE9B3B20443783007A5108 /* jmemansi.c in Sources */,
				1FDE9B1020443783007A5108 /* jidctint.c in Sources */,
				1FDE9B3A20443783007A5108 /* jdmarker.c in Sources */,
				1FDE9B3020443783007A5108 /* jdapimin.c in Sources */,
				1FDE9B4520443783007A5108 /* jfdctflt.c in Sources */,
				1FDE9AF820443783007A5108 /* jmemmgr.c in Sources */,
				1FDE9B0B20443783007A5108 /* jquant2.c in Sources */,
				1FDE9B4620443783007A5108 /* jctrans.c in Sources */,
			);
			runOnlyForDeploymentPostprocessing = 0;
		};
/* End PBXSourcesBuildPhase section */

/* Begin XCBuildConfiguration section */
		1FDE9A9F204436FD007A5108 /* Debug */ = {
			isa = XCBuildConfiguration;
			buildSettings = {
				ALWAYS_SEARCH_USER_PATHS = NO;
				CLANG_ANALYZER_NONNULL = YES;
				CLANG_ANALYZER_NUMBER_OBJECT_CONVERSION = YES_AGGRESSIVE;
				CLANG_CXX_LANGUAGE_STANDARD = "gnu++14";
				CLANG_CXX_LIBRARY = "libc++";
				CLANG_ENABLE_MODULES = YES;
				CLANG_ENABLE_OBJC_ARC = YES;
				CLANG_ENABLE_OBJC_WEAK = YES;
				CLANG_WARN_BLOCK_CAPTURE_AUTORELEASING = YES;
				CLANG_WARN_BOOL_CONVERSION = YES;
				CLANG_WARN_COMMA = YES;
				CLANG_WARN_CONSTANT_CONVERSION = YES;
				CLANG_WARN_DEPRECATED_OBJC_IMPLEMENTATIONS = YES;
				CLANG_WARN_DIRECT_OBJC_ISA_USAGE = YES_ERROR;
				CLANG_WARN_DOCUMENTATION_COMMENTS = YES;
				CLANG_WARN_EMPTY_BODY = YES;
				CLANG_WARN_ENUM_CONVERSION = YES;
				CLANG_WARN_INFINITE_RECURSION = YES;
				CLANG_WARN_INT_CONVERSION = YES;
				CLANG_WARN_NON_LITERAL_NULL_CONVERSION = YES;
				CLANG_WARN_OBJC_IMPLICIT_RETAIN_SELF = YES;
				CLANG_WARN_OBJC_LITERAL_CONVERSION = YES;
				CLANG_WARN_OBJC_ROOT_CLASS = YES_ERROR;
				CLANG_WARN_RANGE_LOOP_ANALYSIS = YES;
				CLANG_WARN_STRICT_PROTOTYPES = YES;
				CLANG_WARN_SUSPICIOUS_MOVE = YES;
				CLANG_WARN_UNGUARDED_AVAILABILITY = YES_AGGRESSIVE;
				CLANG_WARN_UNREACHABLE_CODE = YES;
				CLANG_WARN__DUPLICATE_METHOD_MATCH = YES;
				CODE_SIGN_IDENTITY = "Mac Developer";
				COPY_PHASE_STRIP = NO;
				CURRENT_PROJECT_VERSION = 1;
				DEBUG_INFORMATION_FORMAT = dwarf;
				ENABLE_STRICT_OBJC_MSGSEND = YES;
				ENABLE_TESTABILITY = YES;
				GCC_C_LANGUAGE_STANDARD = gnu11;
				GCC_DYNAMIC_NO_PIC = NO;
				GCC_NO_COMMON_BLOCKS = YES;
				GCC_OPTIMIZATION_LEVEL = 0;
				GCC_PREPROCESSOR_DEFINITIONS = (
					"DEBUG=1",
					"$(inherited)",
				);
				GCC_WARN_64_TO_32_BIT_CONVERSION = YES;
				GCC_WARN_ABOUT_RETURN_TYPE = YES_ERROR;
				GCC_WARN_UNDECLARED_SELECTOR = YES;
				GCC_WARN_UNINITIALIZED_AUTOS = YES_AGGRESSIVE;
				GCC_WARN_UNUSED_FUNCTION = YES;
				GCC_WARN_UNUSED_VARIABLE = YES;
				MACOSX_DEPLOYMENT_TARGET = 10.13;
				MTL_ENABLE_DEBUG_INFO = YES;
				ONLY_ACTIVE_ARCH = YES;
				SDKROOT = macosx;
				VERSIONING_SYSTEM = "apple-generic";
				VERSION_INFO_PREFIX = "";
			};
			name = Debug;
		};
		1FDE9AA0204436FD007A5108 /* Release */ = {
			isa = XCBuildConfiguration;
			buildSettings = {
				ALWAYS_SEARCH_USER_PATHS = NO;
				CLANG_ANALYZER_NONNULL = YES;
				CLANG_ANALYZER_NUMBER_OBJECT_CONVERSION = YES_AGGRESSIVE;
				CLANG_CXX_LANGUAGE_STANDARD = "gnu++14";
				CLANG_CXX_LIBRARY = "libc++";
				CLANG_ENABLE_MODULES = YES;
				CLANG_ENABLE_OBJC_ARC = YES;
				CLANG_ENABLE_OBJC_WEAK = YES;
				CLANG_WARN_BLOCK_CAPTURE_AUTORELEASING = YES;
				CLANG_WARN_BOOL_CONVERSION = YES;
				CLANG_WARN_COMMA = YES;
				CLANG_WARN_CONSTANT_CONVERSION = YES;
				CLANG_WARN_DEPRECATED_OBJC_IMPLEMENTATIONS = YES;
				CLANG_WARN_DIRECT_OBJC_ISA_USAGE = YES_ERROR;
				CLANG_WARN_DOCUMENTATION_COMMENTS = YES;
				CLANG_WARN_EMPTY_BODY = YES;
				CLANG_WARN_ENUM_CONVERSION = YES;
				CLANG_WARN_INFINITE_RECURSION = YES;
				CLANG_WARN_INT_CONVERSION = YES;
				CLANG_WARN_NON_LITERAL_NULL_CONVERSION = YES;
				CLANG_WARN_OBJC_IMPLICIT_RETAIN_SELF = YES;
				CLANG_WARN_OBJC_LITERAL_CONVERSION = YES;
				CLANG_WARN_OBJC_ROOT_CLASS = YES_ERROR;
				CLANG_WARN_RANGE_LOOP_ANALYSIS = YES;
				CLANG_WARN_STRICT_PROTOTYPES = YES;
				CLANG_WARN_SUSPICIOUS_MOVE = YES;
				CLANG_WARN_UNGUARDED_AVAILABILITY = YES_AGGRESSIVE;
				CLANG_WARN_UNREACHABLE_CODE = YES;
				CLANG_WARN__DUPLICATE_METHOD_MATCH = YES;
				CODE_SIGN_IDENTITY = "Mac Developer";
				COPY_PHASE_STRIP = NO;
				CURRENT_PROJECT_VERSION = 1;
				DEBUG_INFORMATION_FORMAT = "dwarf-with-dsym";
				ENABLE_NS_ASSERTIONS = NO;
				ENABLE_STRICT_OBJC_MSGSEND = YES;
				GCC_C_LANGUAGE_STANDARD = gnu11;
				GCC_NO_COMMON_BLOCKS = YES;
				GCC_WARN_64_TO_32_BIT_CONVERSION = YES;
				GCC_WARN_ABOUT_RETURN_TYPE = YES_ERROR;
				GCC_WARN_UNDECLARED_SELECTOR = YES;
				GCC_WARN_UNINITIALIZED_AUTOS = YES_AGGRESSIVE;
				GCC_WARN_UNUSED_FUNCTION = YES;
				GCC_WARN_UNUSED_VARIABLE = YES;
				MACOSX_DEPLOYMENT_TARGET = 10.13;
				MTL_ENABLE_DEBUG_INFO = NO;
				SDKROOT = macosx;
				VERSIONING_SYSTEM = "apple-generic";
				VERSION_INFO_PREFIX = "";
			};
			name = Release;
		};
		1FDE9AA2204436FD007A5108 /* Debug */ = {
			isa = XCBuildConfiguration;
			buildSettings = {
				CODE_SIGN_IDENTITY = "";
				CODE_SIGN_STYLE = Automatic;
				COMBINE_HIDPI_IMAGES = YES;
				DEFINES_MODULE = YES;
				DEVELOPMENT_TEAM = 3P242C9ES5;
				DYLIB_COMPATIBILITY_VERSION = 1;
				DYLIB_CURRENT_VERSION = 1;
				DYLIB_INSTALL_NAME_BASE = "@rpath";
				FRAMEWORK_VERSION = A;
				INFOPLIST_FILE = "$(SRCROOT)/Info.plist";
				INSTALL_PATH = /System/Library/PrivateFrameworks;
				LD_RUNPATH_SEARCH_PATHS = "$(inherited) @executable_path/../Frameworks @loader_path/Frameworks";
				PRODUCT_BUNDLE_IDENTIFIER = org.puredarwin.jpeglib;
				PRODUCT_NAME = "$(TARGET_NAME:c99extidentifier)";
				SKIP_INSTALL = YES;
			};
			name = Debug;
		};
		1FDE9AA3204436FD007A5108 /* Release */ = {
			isa = XCBuildConfiguration;
			buildSettings = {
				CODE_SIGN_IDENTITY = "";
				CODE_SIGN_STYLE = Automatic;
				COMBINE_HIDPI_IMAGES = YES;
				DEFINES_MODULE = YES;
				DEVELOPMENT_TEAM = 3P242C9ES5;
				DYLIB_COMPATIBILITY_VERSION = 1;
				DYLIB_CURRENT_VERSION = 1;
				DYLIB_INSTALL_NAME_BASE = "@rpath";
				FRAMEWORK_VERSION = A;
				INFOPLIST_FILE = "$(SRCROOT)/Info.plist";
				INSTALL_PATH = /System/Library/PrivateFrameworks;
				LD_RUNPATH_SEARCH_PATHS = "$(inherited) @executable_path/../Frameworks @loader_path/Frameworks";
				PRODUCT_BUNDLE_IDENTIFIER = org.puredarwin.jpeglib;
				PRODUCT_NAME = "$(TARGET_NAME:c99extidentifier)";
				SKIP_INSTALL = YES;
			};
			name = Release;
		};
/* End XCBuildConfiguration section */

/* Begin XCConfigurationList section */
		1FDE9A93204436FD007A5108 /* Build configuration list for PBXProject "jpeglib" */ = {
			isa = XCConfigurationList;
			buildConfigurations = (
				1FDE9A9F204436FD007A5108 /* Debug */,
				1FDE9AA0204436FD007A5108 /* Release */,
			);
			defaultConfigurationIsVisible = 0;
			defaultConfigurationName = Release;
		};
		1FDE9AA1204436FD007A5108 /* Build configuration list for PBXNativeTarget "jpeglib" */ = {
			isa = XCConfigurationList;
			buildConfigurations = (
				1FDE9AA2204436FD007A5108 /* Debug */,
				1FDE9AA3204436FD007A5108 /* Release */,
			);
			defaultConfigurationIsVisible = 0;
			defaultConfigurationName = Release;
		};
/* End XCConfigurationList section */
	};
	rootObject = 1FDE9A90204436FD007A5108 /* Project object */;
}
